
Microsoft Visual Studio Solution File, Format Version 12.00
# Visual Studio 14
VisualStudioVersion = 14.0.25123.0
MinimumVisualStudioVersion = 10.0.40219.1
Project("{FAE04EC0-301F-11D3-BF4B-00C04F79EFBC}") = "testnative.Droid", "testnative\testnative.Droid\testnative.Droid.csproj", "{A8654B87-1EBA-41A2-8309-48B2BA24E046}"
EndProject
Project("{FAE04EC0-301F-11D3-BF4B-00C04F79EFBC}") = "testnative.iOS", "testnative\testnative.iOS\testnative.iOS.csproj", "{F4B58A08-B6E9-4196-B15D-7522FFC7A052}"
EndProject
Project("{FAE04EC0-301F-11D3-BF4B-00C04F79EFBC}") = "testnative.WinPhone", "testnative\testnative.WinPhone\testnative.WinPhone.csproj", "{115887A7-1FF1-443D-99B3-4F3E7428B6A6}"
EndProject
Project("{FAE04EC0-301F-11D3-BF4B-00C04F79EFBC}") = "testnative.UWP", "testnative\testnative.UWP\testnative.UWP.csproj", "{C1A7D6BA-A240-445E-A4B3-0E3A9F25109D}"
EndProject
Project("{FAE04EC0-301F-11D3-BF4B-00C04F79EFBC}") = "testnative.Windows", "testnative\testnative.Windows\testnative.Windows.csproj", "{AEAA7ABF-A494-4717-A86A-2184D511ED14}"
EndProject
Project("{FAE04EC0-301F-11D3-BF4B-00C04F79EFBC}") = "testnative", "testnative\testnative\testnative.csproj", "{B74E29FB-B81B-4453-83B8-7B10637F0725}"
EndProject
Project("{FAE04EC0-301F-11D3-BF4B-00C04F79EFBC}") = "testlan2.Droid", "testlan2\testlan2.Droid\testlan2.Droid.csproj", "{71B51A4C-90BF-4F2F-9E07-D854BB010799}"
EndProject
Project("{FAE04EC0-301F-11D3-BF4B-00C04F79EFBC}") = "testlan2.iOS", "testlan2\testlan2.iOS\testlan2.iOS.csproj", "{2838BE44-5D79-4808-889D-8C4AE80C17EE}"
EndProject
Project("{FAE04EC0-301F-11D3-BF4B-00C04F79EFBC}") = "testlan2.WinPhone", "testlan2\testlan2.WinPhone\testlan2.WinPhone.csproj", "{D48F5179-FA7F-4A9E-BF76-2E9D8B1671F4}"
EndProject
Project("{FAE04EC0-301F-11D3-BF4B-00C04F79EFBC}") = "testlan2.UWP", "testlan2\testlan2.UWP\testlan2.UWP.csproj", "{D3749E38-4EFF-48DA-8070-03AC921D0812}"
EndProject
Project("{FAE04EC0-301F-11D3-BF4B-00C04F79EFBC}") = "testlan2.Windows", "testlan2\testlan2.Windows\testlan2.Windows.csproj", "{552DCD3F-C6F7-4C49-BA23-12805E5E4054}"
EndProject
Project("{FAE04EC0-301F-11D3-BF4B-00C04F79EFBC}") = "testlan2", "testlan2\testlan2\testlan2.csproj", "{D8CA1965-CBF7-4587-92D7-2882D71A8B31}"
EndProject
Global
	GlobalSection(SolutionConfigurationPlatforms) = preSolution
		Ad-Hoc|Any CPU = Ad-Hoc|Any CPU
		Ad-Hoc|ARM = Ad-Hoc|ARM
		Ad-Hoc|iPhone = Ad-Hoc|iPhone
		Ad-Hoc|iPhoneSimulator = Ad-Hoc|iPhoneSimulator
		Ad-Hoc|x64 = Ad-Hoc|x64
		Ad-Hoc|x86 = Ad-Hoc|x86
		AppStore|Any CPU = AppStore|Any CPU
		AppStore|ARM = AppStore|ARM
		AppStore|iPhone = AppStore|iPhone
		AppStore|iPhoneSimulator = AppStore|iPhoneSimulator
		AppStore|x64 = AppStore|x64
		AppStore|x86 = AppStore|x86
		Debug|Any CPU = Debug|Any CPU
		Debug|ARM = Debug|ARM
		Debug|iPhone = Debug|iPhone
		Debug|iPhoneSimulator = Debug|iPhoneSimulator
		Debug|x64 = Debug|x64
		Debug|x86 = Debug|x86
		Release|Any CPU = Release|Any CPU
		Release|ARM = Release|ARM
		Release|iPhone = Release|iPhone
		Release|iPhoneSimulator = Release|iPhoneSimulator
		Release|x64 = Release|x64
		Release|x86 = Release|x86
	EndGlobalSection
	GlobalSection(ProjectConfigurationPlatforms) = postSolution
		{A8654B87-1EBA-41A2-8309-48B2BA24E046}.Ad-Hoc|Any CPU.ActiveCfg = Release|Any CPU
		{A8654B87-1EBA-41A2-8309-48B2BA24E046}.Ad-Hoc|Any CPU.Build.0 = Release|Any CPU
		{A8654B87-1EBA-41A2-8309-48B2BA24E046}.Ad-Hoc|Any CPU.Deploy.0 = Release|Any CPU
		{A8654B87-1EBA-41A2-8309-48B2BA24E046}.Ad-Hoc|ARM.ActiveCfg = Release|Any CPU
		{A8654B87-1EBA-41A2-8309-48B2BA24E046}.Ad-Hoc|ARM.Build.0 = Release|Any CPU
		{A8654B87-1EBA-41A2-8309-48B2BA24E046}.Ad-Hoc|ARM.Deploy.0 = Release|Any CPU
		{A8654B87-1EBA-41A2-8309-48B2BA24E046}.Ad-Hoc|iPhone.ActiveCfg = Release|Any CPU
		{A8654B87-1EBA-41A2-8309-48B2BA24E046}.Ad-Hoc|iPhone.Build.0 = Release|Any CPU
		{A8654B87-1EBA-41A2-8309-48B2BA24E046}.Ad-Hoc|iPhone.Deploy.0 = Release|Any CPU
		{A8654B87-1EBA-41A2-8309-48B2BA24E046}.Ad-Hoc|iPhoneSimulator.ActiveCfg = Release|Any CPU
		{A8654B87-1EBA-41A2-8309-48B2BA24E046}.Ad-Hoc|iPhoneSimulator.Build.0 = Release|Any CPU
		{A8654B87-1EBA-41A2-8309-48B2BA24E046}.Ad-Hoc|iPhoneSimulator.Deploy.0 = Release|Any CPU
		{A8654B87-1EBA-41A2-8309-48B2BA24E046}.Ad-Hoc|x64.ActiveCfg = Release|Any CPU
		{A8654B87-1EBA-41A2-8309-48B2BA24E046}.Ad-Hoc|x64.Build.0 = Release|Any CPU
		{A8654B87-1EBA-41A2-8309-48B2BA24E046}.Ad-Hoc|x64.Deploy.0 = Release|Any CPU
		{A8654B87-1EBA-41A2-8309-48B2BA24E046}.Ad-Hoc|x86.ActiveCfg = Release|Any CPU
		{A8654B87-1EBA-41A2-8309-48B2BA24E046}.Ad-Hoc|x86.Build.0 = Release|Any CPU
		{A8654B87-1EBA-41A2-8309-48B2BA24E046}.Ad-Hoc|x86.Deploy.0 = Release|Any CPU
		{A8654B87-1EBA-41A2-8309-48B2BA24E046}.AppStore|Any CPU.ActiveCfg = Release|Any CPU
		{A8654B87-1EBA-41A2-8309-48B2BA24E046}.AppStore|Any CPU.Build.0 = Release|Any CPU
		{A8654B87-1EBA-41A2-8309-48B2BA24E046}.AppStore|Any CPU.Deploy.0 = Release|Any CPU
		{A8654B87-1EBA-41A2-8309-48B2BA24E046}.AppStore|ARM.ActiveCfg = Release|Any CPU
		{A8654B87-1EBA-41A2-8309-48B2BA24E046}.AppStore|ARM.Build.0 = Release|Any CPU
		{A8654B87-1EBA-41A2-8309-48B2BA24E046}.AppStore|ARM.Deploy.0 = Release|Any CPU
		{A8654B87-1EBA-41A2-8309-48B2BA24E046}.AppStore|iPhone.ActiveCfg = Release|Any CPU
		{A8654B87-1EBA-41A2-8309-48B2BA24E046}.AppStore|iPhone.Build.0 = Release|Any CPU
		{A8654B87-1EBA-41A2-8309-48B2BA24E046}.AppStore|iPhone.Deploy.0 = Release|Any CPU
		{A8654B87-1EBA-41A2-8309-48B2BA24E046}.AppStore|iPhoneSimulator.ActiveCfg = Release|Any CPU
		{A8654B87-1EBA-41A2-8309-48B2BA24E046}.AppStore|iPhoneSimulator.Build.0 = Release|Any CPU
		{A8654B87-1EBA-41A2-8309-48B2BA24E046}.AppStore|iPhoneSimulator.Deploy.0 = Release|Any CPU
		{A8654B87-1EBA-41A2-8309-48B2BA24E046}.AppStore|x64.ActiveCfg = Release|Any CPU
		{A8654B87-1EBA-41A2-8309-48B2BA24E046}.AppStore|x64.Build.0 = Release|Any CPU
		{A8654B87-1EBA-41A2-8309-48B2BA24E046}.AppStore|x64.Deploy.0 = Release|Any CPU
		{A8654B87-1EBA-41A2-8309-48B2BA24E046}.AppStore|x86.ActiveCfg = Release|Any CPU
		{A8654B87-1EBA-41A2-8309-48B2BA24E046}.AppStore|x86.Build.0 = Release|Any CPU
		{A8654B87-1EBA-41A2-8309-48B2BA24E046}.AppStore|x86.Deploy.0 = Release|Any CPU
		{A8654B87-1EBA-41A2-8309-48B2BA24E046}.Debug|Any CPU.ActiveCfg = Debug|Any CPU
		{A8654B87-1EBA-41A2-8309-48B2BA24E046}.Debug|Any CPU.Build.0 = Debug|Any CPU
		{A8654B87-1EBA-41A2-8309-48B2BA24E046}.Debug|Any CPU.Deploy.0 = Debug|Any CPU
		{A8654B87-1EBA-41A2-8309-48B2BA24E046}.Debug|ARM.ActiveCfg = Debug|Any CPU
		{A8654B87-1EBA-41A2-8309-48B2BA24E046}.Debug|ARM.Build.0 = Debug|Any CPU
		{A8654B87-1EBA-41A2-8309-48B2BA24E046}.Debug|ARM.Deploy.0 = Debug|Any CPU
		{A8654B87-1EBA-41A2-8309-48B2BA24E046}.Debug|iPhone.ActiveCfg = Debug|Any CPU
		{A8654B87-1EBA-41A2-8309-48B2BA24E046}.Debug|iPhone.Build.0 = Debug|Any CPU
		{A8654B87-1EBA-41A2-8309-48B2BA24E046}.Debug|iPhone.Deploy.0 = Debug|Any CPU
		{A8654B87-1EBA-41A2-8309-48B2BA24E046}.Debug|iPhoneSimulator.ActiveCfg = Debug|Any CPU
		{A8654B87-1EBA-41A2-8309-48B2BA24E046}.Debug|iPhoneSimulator.Build.0 = Debug|Any CPU
		{A8654B87-1EBA-41A2-8309-48B2BA24E046}.Debug|iPhoneSimulator.Deploy.0 = Debug|Any CPU
		{A8654B87-1EBA-41A2-8309-48B2BA24E046}.Debug|x64.ActiveCfg = Debug|Any CPU
		{A8654B87-1EBA-41A2-8309-48B2BA24E046}.Debug|x64.Build.0 = Debug|Any CPU
		{A8654B87-1EBA-41A2-8309-48B2BA24E046}.Debug|x64.Deploy.0 = Debug|Any CPU
		{A8654B87-1EBA-41A2-8309-48B2BA24E046}.Debug|x86.ActiveCfg = Debug|Any CPU
		{A8654B87-1EBA-41A2-8309-48B2BA24E046}.Debug|x86.Build.0 = Debug|Any CPU
		{A8654B87-1EBA-41A2-8309-48B2BA24E046}.Debug|x86.Deploy.0 = Debug|Any CPU
		{A8654B87-1EBA-41A2-8309-48B2BA24E046}.Release|Any CPU.ActiveCfg = Release|Any CPU
		{A8654B87-1EBA-41A2-8309-48B2BA24E046}.Release|Any CPU.Build.0 = Release|Any CPU
		{A8654B87-1EBA-41A2-8309-48B2BA24E046}.Release|Any CPU.Deploy.0 = Release|Any CPU
		{A8654B87-1EBA-41A2-8309-48B2BA24E046}.Release|ARM.ActiveCfg = Release|Any CPU
		{A8654B87-1EBA-41A2-8309-48B2BA24E046}.Release|ARM.Build.0 = Release|Any CPU
		{A8654B87-1EBA-41A2-8309-48B2BA24E046}.Release|ARM.Deploy.0 = Release|Any CPU
		{A8654B87-1EBA-41A2-8309-48B2BA24E046}.Release|iPhone.ActiveCfg = Release|Any CPU
		{A8654B87-1EBA-41A2-8309-48B2BA24E046}.Release|iPhone.Build.0 = Release|Any CPU
		{A8654B87-1EBA-41A2-8309-48B2BA24E046}.Release|iPhone.Deploy.0 = Release|Any CPU
		{A8654B87-1EBA-41A2-8309-48B2BA24E046}.Release|iPhoneSimulator.ActiveCfg = Release|Any CPU
		{A8654B87-1EBA-41A2-8309-48B2BA24E046}.Release|iPhoneSimulator.Build.0 = Release|Any CPU
		{A8654B87-1EBA-41A2-8309-48B2BA24E046}.Release|iPhoneSimulator.Deploy.0 = Release|Any CPU
		{A8654B87-1EBA-41A2-8309-48B2BA24E046}.Release|x64.ActiveCfg = Release|Any CPU
		{A8654B87-1EBA-41A2-8309-48B2BA24E046}.Release|x64.Build.0 = Release|Any CPU
		{A8654B87-1EBA-41A2-8309-48B2BA24E046}.Release|x64.Deploy.0 = Release|Any CPU
		{A8654B87-1EBA-41A2-8309-48B2BA24E046}.Release|x86.ActiveCfg = Release|Any CPU
		{A8654B87-1EBA-41A2-8309-48B2BA24E046}.Release|x86.Build.0 = Release|Any CPU
		{A8654B87-1EBA-41A2-8309-48B2BA24E046}.Release|x86.Deploy.0 = Release|Any CPU
		{F4B58A08-B6E9-4196-B15D-7522FFC7A052}.Ad-Hoc|Any CPU.ActiveCfg = Ad-Hoc|iPhone
		{F4B58A08-B6E9-4196-B15D-7522FFC7A052}.Ad-Hoc|ARM.ActiveCfg = Ad-Hoc|iPhone
		{F4B58A08-B6E9-4196-B15D-7522FFC7A052}.Ad-Hoc|iPhone.ActiveCfg = Ad-Hoc|iPhone
		{F4B58A08-B6E9-4196-B15D-7522FFC7A052}.Ad-Hoc|iPhone.Build.0 = Ad-Hoc|iPhone
		{F4B58A08-B6E9-4196-B15D-7522FFC7A052}.Ad-Hoc|iPhoneSimulator.ActiveCfg = Ad-Hoc|iPhoneSimulator
		{F4B58A08-B6E9-4196-B15D-7522FFC7A052}.Ad-Hoc|iPhoneSimulator.Build.0 = Ad-Hoc|iPhoneSimulator
		{F4B58A08-B6E9-4196-B15D-7522FFC7A052}.Ad-Hoc|x64.ActiveCfg = Ad-Hoc|iPhone
		{F4B58A08-B6E9-4196-B15D-7522FFC7A052}.Ad-Hoc|x86.ActiveCfg = Ad-Hoc|iPhone
		{F4B58A08-B6E9-4196-B15D-7522FFC7A052}.AppStore|Any CPU.ActiveCfg = AppStore|iPhone
		{F4B58A08-B6E9-4196-B15D-7522FFC7A052}.AppStore|ARM.ActiveCfg = AppStore|iPhone
		{F4B58A08-B6E9-4196-B15D-7522FFC7A052}.AppStore|iPhone.ActiveCfg = AppStore|iPhone
		{F4B58A08-B6E9-4196-B15D-7522FFC7A052}.AppStore|iPhone.Build.0 = AppStore|iPhone
		{F4B58A08-B6E9-4196-B15D-7522FFC7A052}.AppStore|iPhoneSimulator.ActiveCfg = AppStore|iPhoneSimulator
		{F4B58A08-B6E9-4196-B15D-7522FFC7A052}.AppStore|iPhoneSimulator.Build.0 = AppStore|iPhoneSimulator
		{F4B58A08-B6E9-4196-B15D-7522FFC7A052}.AppStore|x64.ActiveCfg = AppStore|iPhone
		{F4B58A08-B6E9-4196-B15D-7522FFC7A052}.AppStore|x86.ActiveCfg = AppStore|iPhone
		{F4B58A08-B6E9-4196-B15D-7522FFC7A052}.Debug|Any CPU.ActiveCfg = Debug|iPhone
		{F4B58A08-B6E9-4196-B15D-7522FFC7A052}.Debug|ARM.ActiveCfg = Debug|iPhone
		{F4B58A08-B6E9-4196-B15D-7522FFC7A052}.Debug|iPhone.ActiveCfg = Debug|iPhone
		{F4B58A08-B6E9-4196-B15D-7522FFC7A052}.Debug|iPhone.Build.0 = Debug|iPhone
		{F4B58A08-B6E9-4196-B15D-7522FFC7A052}.Debug|iPhoneSimulator.ActiveCfg = Debug|iPhoneSimulator
		{F4B58A08-B6E9-4196-B15D-7522FFC7A052}.Debug|iPhoneSimulator.Build.0 = Debug|iPhoneSimulator
		{F4B58A08-B6E9-4196-B15D-7522FFC7A052}.Debug|x64.ActiveCfg = Debug|iPhone
		{F4B58A08-B6E9-4196-B15D-7522FFC7A052}.Debug|x86.ActiveCfg = Debug|iPhone
		{F4B58A08-B6E9-4196-B15D-7522FFC7A052}.Release|Any CPU.ActiveCfg = Release|iPhone
		{F4B58A08-B6E9-4196-B15D-7522FFC7A052}.Release|ARM.ActiveCfg = Release|iPhone
		{F4B58A08-B6E9-4196-B15D-7522FFC7A052}.Release|iPhone.ActiveCfg = Release|iPhone
		{F4B58A08-B6E9-4196-B15D-7522FFC7A052}.Release|iPhone.Build.0 = Release|iPhone
		{F4B58A08-B6E9-4196-B15D-7522FFC7A052}.Release|iPhoneSimulator.ActiveCfg = Release|iPhoneSimulator
		{F4B58A08-B6E9-4196-B15D-7522FFC7A052}.Release|iPhoneSimulator.Build.0 = Release|iPhoneSimulator
		{F4B58A08-B6E9-4196-B15D-7522FFC7A052}.Release|x64.ActiveCfg = Release|iPhone
		{F4B58A08-B6E9-4196-B15D-7522FFC7A052}.Release|x86.ActiveCfg = Release|iPhone
		{115887A7-1FF1-443D-99B3-4F3E7428B6A6}.Ad-Hoc|Any CPU.ActiveCfg = Release|Any CPU
		{115887A7-1FF1-443D-99B3-4F3E7428B6A6}.Ad-Hoc|Any CPU.Build.0 = Release|Any CPU
		{115887A7-1FF1-443D-99B3-4F3E7428B6A6}.Ad-Hoc|Any CPU.Deploy.0 = Release|Any CPU
		{115887A7-1FF1-443D-99B3-4F3E7428B6A6}.Ad-Hoc|ARM.ActiveCfg = Release|ARM
		{115887A7-1FF1-443D-99B3-4F3E7428B6A6}.Ad-Hoc|ARM.Build.0 = Release|ARM
		{115887A7-1FF1-443D-99B3-4F3E7428B6A6}.Ad-Hoc|ARM.Deploy.0 = Release|ARM
		{115887A7-1FF1-443D-99B3-4F3E7428B6A6}.Ad-Hoc|iPhone.ActiveCfg = Release|Any CPU
		{115887A7-1FF1-443D-99B3-4F3E7428B6A6}.Ad-Hoc|iPhone.Build.0 = Release|Any CPU
		{115887A7-1FF1-443D-99B3-4F3E7428B6A6}.Ad-Hoc|iPhone.Deploy.0 = Release|Any CPU
		{115887A7-1FF1-443D-99B3-4F3E7428B6A6}.Ad-Hoc|iPhoneSimulator.ActiveCfg = Release|Any CPU
		{115887A7-1FF1-443D-99B3-4F3E7428B6A6}.Ad-Hoc|iPhoneSimulator.Build.0 = Release|Any CPU
		{115887A7-1FF1-443D-99B3-4F3E7428B6A6}.Ad-Hoc|iPhoneSimulator.Deploy.0 = Release|Any CPU
		{115887A7-1FF1-443D-99B3-4F3E7428B6A6}.Ad-Hoc|x64.ActiveCfg = Release|Any CPU
		{115887A7-1FF1-443D-99B3-4F3E7428B6A6}.Ad-Hoc|x64.Build.0 = Release|Any CPU
		{115887A7-1FF1-443D-99B3-4F3E7428B6A6}.Ad-Hoc|x64.Deploy.0 = Release|Any CPU
		{115887A7-1FF1-443D-99B3-4F3E7428B6A6}.Ad-Hoc|x86.ActiveCfg = Release|x86
		{115887A7-1FF1-443D-99B3-4F3E7428B6A6}.Ad-Hoc|x86.Build.0 = Release|x86
		{115887A7-1FF1-443D-99B3-4F3E7428B6A6}.Ad-Hoc|x86.Deploy.0 = Release|x86
		{115887A7-1FF1-443D-99B3-4F3E7428B6A6}.AppStore|Any CPU.ActiveCfg = Release|Any CPU
		{115887A7-1FF1-443D-99B3-4F3E7428B6A6}.AppStore|Any CPU.Build.0 = Release|Any CPU
		{115887A7-1FF1-443D-99B3-4F3E7428B6A6}.AppStore|Any CPU.Deploy.0 = Release|Any CPU
		{115887A7-1FF1-443D-99B3-4F3E7428B6A6}.AppStore|ARM.ActiveCfg = Release|ARM
		{115887A7-1FF1-443D-99B3-4F3E7428B6A6}.AppStore|ARM.Build.0 = Release|ARM
		{115887A7-1FF1-443D-99B3-4F3E7428B6A6}.AppStore|ARM.Deploy.0 = Release|ARM
		{115887A7-1FF1-443D-99B3-4F3E7428B6A6}.AppStore|iPhone.ActiveCfg = Release|Any CPU
		{115887A7-1FF1-443D-99B3-4F3E7428B6A6}.AppStore|iPhone.Build.0 = Release|Any CPU
		{115887A7-1FF1-443D-99B3-4F3E7428B6A6}.AppStore|iPhone.Deploy.0 = Release|Any CPU
		{115887A7-1FF1-443D-99B3-4F3E7428B6A6}.AppStore|iPhoneSimulator.ActiveCfg = Release|Any CPU
		{115887A7-1FF1-443D-99B3-4F3E7428B6A6}.AppStore|iPhoneSimulator.Build.0 = Release|Any CPU
		{115887A7-1FF1-443D-99B3-4F3E7428B6A6}.AppStore|iPhoneSimulator.Deploy.0 = Release|Any CPU
		{115887A7-1FF1-443D-99B3-4F3E7428B6A6}.AppStore|x64.ActiveCfg = Release|Any CPU
		{115887A7-1FF1-443D-99B3-4F3E7428B6A6}.AppStore|x64.Build.0 = Release|Any CPU
		{115887A7-1FF1-443D-99B3-4F3E7428B6A6}.AppStore|x64.Deploy.0 = Release|Any CPU
		{115887A7-1FF1-443D-99B3-4F3E7428B6A6}.AppStore|x86.ActiveCfg = Release|x86
		{115887A7-1FF1-443D-99B3-4F3E7428B6A6}.AppStore|x86.Build.0 = Release|x86
		{115887A7-1FF1-443D-99B3-4F3E7428B6A6}.AppStore|x86.Deploy.0 = Release|x86
		{115887A7-1FF1-443D-99B3-4F3E7428B6A6}.Debug|Any CPU.ActiveCfg = Debug|Any CPU
		{115887A7-1FF1-443D-99B3-4F3E7428B6A6}.Debug|Any CPU.Build.0 = Debug|Any CPU
		{115887A7-1FF1-443D-99B3-4F3E7428B6A6}.Debug|Any CPU.Deploy.0 = Debug|Any CPU
		{115887A7-1FF1-443D-99B3-4F3E7428B6A6}.Debug|ARM.ActiveCfg = Debug|ARM
		{115887A7-1FF1-443D-99B3-4F3E7428B6A6}.Debug|ARM.Build.0 = Debug|ARM
		{115887A7-1FF1-443D-99B3-4F3E7428B6A6}.Debug|ARM.Deploy.0 = Debug|ARM
		{115887A7-1FF1-443D-99B3-4F3E7428B6A6}.Debug|iPhone.ActiveCfg = Debug|Any CPU
		{115887A7-1FF1-443D-99B3-4F3E7428B6A6}.Debug|iPhone.Build.0 = Debug|Any CPU
		{115887A7-1FF1-443D-99B3-4F3E7428B6A6}.Debug|iPhone.Deploy.0 = Debug|Any CPU
		{115887A7-1FF1-443D-99B3-4F3E7428B6A6}.Debug|iPhoneSimulator.ActiveCfg = Debug|Any CPU
		{115887A7-1FF1-443D-99B3-4F3E7428B6A6}.Debug|iPhoneSimulator.Build.0 = Debug|Any CPU
		{115887A7-1FF1-443D-99B3-4F3E7428B6A6}.Debug|iPhoneSimulator.Deploy.0 = Debug|Any CPU
		{115887A7-1FF1-443D-99B3-4F3E7428B6A6}.Debug|x64.ActiveCfg = Debug|Any CPU
		{115887A7-1FF1-443D-99B3-4F3E7428B6A6}.Debug|x64.Build.0 = Debug|Any CPU
		{115887A7-1FF1-443D-99B3-4F3E7428B6A6}.Debug|x64.Deploy.0 = Debug|Any CPU
		{115887A7-1FF1-443D-99B3-4F3E7428B6A6}.Debug|x86.ActiveCfg = Debug|x86
		{115887A7-1FF1-443D-99B3-4F3E7428B6A6}.Debug|x86.Build.0 = Debug|x86
		{115887A7-1FF1-443D-99B3-4F3E7428B6A6}.Debug|x86.Deploy.0 = Debug|x86
		{115887A7-1FF1-443D-99B3-4F3E7428B6A6}.Release|Any CPU.ActiveCfg = Release|Any CPU
		{115887A7-1FF1-443D-99B3-4F3E7428B6A6}.Release|Any CPU.Build.0 = Release|Any CPU
		{115887A7-1FF1-443D-99B3-4F3E7428B6A6}.Release|Any CPU.Deploy.0 = Release|Any CPU
		{115887A7-1FF1-443D-99B3-4F3E7428B6A6}.Release|ARM.ActiveCfg = Release|ARM
		{115887A7-1FF1-443D-99B3-4F3E7428B6A6}.Release|ARM.Build.0 = Release|ARM
		{115887A7-1FF1-443D-99B3-4F3E7428B6A6}.Release|ARM.Deploy.0 = Release|ARM
		{115887A7-1FF1-443D-99B3-4F3E7428B6A6}.Release|iPhone.ActiveCfg = Release|Any CPU
		{115887A7-1FF1-443D-99B3-4F3E7428B6A6}.Release|iPhone.Build.0 = Release|Any CPU
		{115887A7-1FF1-443D-99B3-4F3E7428B6A6}.Release|iPhone.Deploy.0 = Release|Any CPU
		{115887A7-1FF1-443D-99B3-4F3E7428B6A6}.Release|iPhoneSimulator.ActiveCfg = Release|Any CPU
		{115887A7-1FF1-443D-99B3-4F3E7428B6A6}.Release|iPhoneSimulator.Build.0 = Release|Any CPU
		{115887A7-1FF1-443D-99B3-4F3E7428B6A6}.Release|iPhoneSimulator.Deploy.0 = Release|Any CPU
		{115887A7-1FF1-443D-99B3-4F3E7428B6A6}.Release|x64.ActiveCfg = Release|Any CPU
		{115887A7-1FF1-443D-99B3-4F3E7428B6A6}.Release|x64.Build.0 = Release|Any CPU
		{115887A7-1FF1-443D-99B3-4F3E7428B6A6}.Release|x64.Deploy.0 = Release|Any CPU
		{115887A7-1FF1-443D-99B3-4F3E7428B6A6}.Release|x86.ActiveCfg = Release|x86
		{115887A7-1FF1-443D-99B3-4F3E7428B6A6}.Release|x86.Build.0 = Release|x86
		{115887A7-1FF1-443D-99B3-4F3E7428B6A6}.Release|x86.Deploy.0 = Release|x86
		{C1A7D6BA-A240-445E-A4B3-0E3A9F25109D}.Ad-Hoc|Any CPU.ActiveCfg = Release|x86
		{C1A7D6BA-A240-445E-A4B3-0E3A9F25109D}.Ad-Hoc|Any CPU.Build.0 = Release|x86
		{C1A7D6BA-A240-445E-A4B3-0E3A9F25109D}.Ad-Hoc|Any CPU.Deploy.0 = Release|x86
		{C1A7D6BA-A240-445E-A4B3-0E3A9F25109D}.Ad-Hoc|ARM.ActiveCfg = Release|ARM
		{C1A7D6BA-A240-445E-A4B3-0E3A9F25109D}.Ad-Hoc|ARM.Build.0 = Release|ARM
		{C1A7D6BA-A240-445E-A4B3-0E3A9F25109D}.Ad-Hoc|ARM.Deploy.0 = Release|ARM
		{C1A7D6BA-A240-445E-A4B3-0E3A9F25109D}.Ad-Hoc|iPhone.ActiveCfg = Release|x86
		{C1A7D6BA-A240-445E-A4B3-0E3A9F25109D}.Ad-Hoc|iPhone.Build.0 = Release|x86
		{C1A7D6BA-A240-445E-A4B3-0E3A9F25109D}.Ad-Hoc|iPhone.Deploy.0 = Release|x86
		{C1A7D6BA-A240-445E-A4B3-0E3A9F25109D}.Ad-Hoc|iPhoneSimulator.ActiveCfg = Release|x86
		{C1A7D6BA-A240-445E-A4B3-0E3A9F25109D}.Ad-Hoc|iPhoneSimulator.Build.0 = Release|x86
		{C1A7D6BA-A240-445E-A4B3-0E3A9F25109D}.Ad-Hoc|iPhoneSimulator.Deploy.0 = Release|x86
		{C1A7D6BA-A240-445E-A4B3-0E3A9F25109D}.Ad-Hoc|x64.ActiveCfg = Release|x64
		{C1A7D6BA-A240-445E-A4B3-0E3A9F25109D}.Ad-Hoc|x64.Build.0 = Release|x64
		{C1A7D6BA-A240-445E-A4B3-0E3A9F25109D}.Ad-Hoc|x64.Deploy.0 = Release|x64
		{C1A7D6BA-A240-445E-A4B3-0E3A9F25109D}.Ad-Hoc|x86.ActiveCfg = Release|x86
		{C1A7D6BA-A240-445E-A4B3-0E3A9F25109D}.Ad-Hoc|x86.Build.0 = Release|x86
		{C1A7D6BA-A240-445E-A4B3-0E3A9F25109D}.Ad-Hoc|x86.Deploy.0 = Release|x86
		{C1A7D6BA-A240-445E-A4B3-0E3A9F25109D}.AppStore|Any CPU.ActiveCfg = Release|x86
		{C1A7D6BA-A240-445E-A4B3-0E3A9F25109D}.AppStore|Any CPU.Build.0 = Release|x86
		{C1A7D6BA-A240-445E-A4B3-0E3A9F25109D}.AppStore|Any CPU.Deploy.0 = Release|x86
		{C1A7D6BA-A240-445E-A4B3-0E3A9F25109D}.AppStore|ARM.ActiveCfg = Release|ARM
		{C1A7D6BA-A240-445E-A4B3-0E3A9F25109D}.AppStore|ARM.Build.0 = Release|ARM
		{C1A7D6BA-A240-445E-A4B3-0E3A9F25109D}.AppStore|ARM.Deploy.0 = Release|ARM
		{C1A7D6BA-A240-445E-A4B3-0E3A9F25109D}.AppStore|iPhone.ActiveCfg = Release|x86
		{C1A7D6BA-A240-445E-A4B3-0E3A9F25109D}.AppStore|iPhone.Build.0 = Release|x86
		{C1A7D6BA-A240-445E-A4B3-0E3A9F25109D}.AppStore|iPhone.Deploy.0 = Release|x86
		{C1A7D6BA-A240-445E-A4B3-0E3A9F25109D}.AppStore|iPhoneSimulator.ActiveCfg = Release|x86
		{C1A7D6BA-A240-445E-A4B3-0E3A9F25109D}.AppStore|iPhoneSimulator.Build.0 = Release|x86
		{C1A7D6BA-A240-445E-A4B3-0E3A9F25109D}.AppStore|iPhoneSimulator.Deploy.0 = Release|x86
		{C1A7D6BA-A240-445E-A4B3-0E3A9F25109D}.AppStore|x64.ActiveCfg = Release|x64
		{C1A7D6BA-A240-445E-A4B3-0E3A9F25109D}.AppStore|x64.Build.0 = Release|x64
		{C1A7D6BA-A240-445E-A4B3-0E3A9F25109D}.AppStore|x64.Deploy.0 = Release|x64
		{C1A7D6BA-A240-445E-A4B3-0E3A9F25109D}.AppStore|x86.ActiveCfg = Release|x86
		{C1A7D6BA-A240-445E-A4B3-0E3A9F25109D}.AppStore|x86.Build.0 = Release|x86
		{C1A7D6BA-A240-445E-A4B3-0E3A9F25109D}.AppStore|x86.Deploy.0 = Release|x86
		{C1A7D6BA-A240-445E-A4B3-0E3A9F25109D}.Debug|Any CPU.ActiveCfg = Debug|x86
		{C1A7D6BA-A240-445E-A4B3-0E3A9F25109D}.Debug|ARM.ActiveCfg = Debug|ARM
		{C1A7D6BA-A240-445E-A4B3-0E3A9F25109D}.Debug|ARM.Build.0 = Debug|ARM
		{C1A7D6BA-A240-445E-A4B3-0E3A9F25109D}.Debug|ARM.Deploy.0 = Debug|ARM
		{C1A7D6BA-A240-445E-A4B3-0E3A9F25109D}.Debug|iPhone.ActiveCfg = Debug|x86
		{C1A7D6BA-A240-445E-A4B3-0E3A9F25109D}.Debug|iPhoneSimulator.ActiveCfg = Debug|x86
		{C1A7D6BA-A240-445E-A4B3-0E3A9F25109D}.Debug|x64.ActiveCfg = Debug|x64
		{C1A7D6BA-A240-445E-A4B3-0E3A9F25109D}.Debug|x64.Build.0 = Debug|x64
		{C1A7D6BA-A240-445E-A4B3-0E3A9F25109D}.Debug|x64.Deploy.0 = Debug|x64
		{C1A7D6BA-A240-445E-A4B3-0E3A9F25109D}.Debug|x86.ActiveCfg = Debug|x86
		{C1A7D6BA-A240-445E-A4B3-0E3A9F25109D}.Debug|x86.Build.0 = Debug|x86
		{C1A7D6BA-A240-445E-A4B3-0E3A9F25109D}.Debug|x86.Deploy.0 = Debug|x86
		{C1A7D6BA-A240-445E-A4B3-0E3A9F25109D}.Release|Any CPU.ActiveCfg = Release|x86
		{C1A7D6BA-A240-445E-A4B3-0E3A9F25109D}.Release|ARM.ActiveCfg = Release|ARM
		{C1A7D6BA-A240-445E-A4B3-0E3A9F25109D}.Release|ARM.Build.0 = Release|ARM
		{C1A7D6BA-A240-445E-A4B3-0E3A9F25109D}.Release|ARM.Deploy.0 = Release|ARM
		{C1A7D6BA-A240-445E-A4B3-0E3A9F25109D}.Release|iPhone.ActiveCfg = Release|x86
		{C1A7D6BA-A240-445E-A4B3-0E3A9F25109D}.Release|iPhoneSimulator.ActiveCfg = Release|x86
		{C1A7D6BA-A240-445E-A4B3-0E3A9F25109D}.Release|x64.ActiveCfg = Release|x64
		{C1A7D6BA-A240-445E-A4B3-0E3A9F25109D}.Release|x64.Build.0 = Release|x64
		{C1A7D6BA-A240-445E-A4B3-0E3A9F25109D}.Release|x64.Deploy.0 = Release|x64
		{C1A7D6BA-A240-445E-A4B3-0E3A9F25109D}.Release|x86.ActiveCfg = Release|x86
		{C1A7D6BA-A240-445E-A4B3-0E3A9F25109D}.Release|x86.Build.0 = Release|x86
		{C1A7D6BA-A240-445E-A4B3-0E3A9F25109D}.Release|x86.Deploy.0 = Release|x86
		{AEAA7ABF-A494-4717-A86A-2184D511ED14}.Ad-Hoc|Any CPU.ActiveCfg = Release|Any CPU
		{AEAA7ABF-A494-4717-A86A-2184D511ED14}.Ad-Hoc|Any CPU.Build.0 = Release|Any CPU
		{AEAA7ABF-A494-4717-A86A-2184D511ED14}.Ad-Hoc|Any CPU.Deploy.0 = Release|Any CPU
		{AEAA7ABF-A494-4717-A86A-2184D511ED14}.Ad-Hoc|ARM.ActiveCfg = Release|ARM
		{AEAA7ABF-A494-4717-A86A-2184D511ED14}.Ad-Hoc|ARM.Build.0 = Release|ARM
		{AEAA7ABF-A494-4717-A86A-2184D511ED14}.Ad-Hoc|ARM.Deploy.0 = Release|ARM
		{AEAA7ABF-A494-4717-A86A-2184D511ED14}.Ad-Hoc|iPhone.ActiveCfg = Release|Any CPU
		{AEAA7ABF-A494-4717-A86A-2184D511ED14}.Ad-Hoc|iPhone.Build.0 = Release|Any CPU
		{AEAA7ABF-A494-4717-A86A-2184D511ED14}.Ad-Hoc|iPhone.Deploy.0 = Release|Any CPU
		{AEAA7ABF-A494-4717-A86A-2184D511ED14}.Ad-Hoc|iPhoneSimulator.ActiveCfg = Release|Any CPU
		{AEAA7ABF-A494-4717-A86A-2184D511ED14}.Ad-Hoc|iPhoneSimulator.Build.0 = Release|Any CPU
		{AEAA7ABF-A494-4717-A86A-2184D511ED14}.Ad-Hoc|iPhoneSimulator.Deploy.0 = Release|Any CPU
		{AEAA7ABF-A494-4717-A86A-2184D511ED14}.Ad-Hoc|x64.ActiveCfg = Release|x64
		{AEAA7ABF-A494-4717-A86A-2184D511ED14}.Ad-Hoc|x64.Build.0 = Release|x64
		{AEAA7ABF-A494-4717-A86A-2184D511ED14}.Ad-Hoc|x64.Deploy.0 = Release|x64
		{AEAA7ABF-A494-4717-A86A-2184D511ED14}.Ad-Hoc|x86.ActiveCfg = Release|x86
		{AEAA7ABF-A494-4717-A86A-2184D511ED14}.Ad-Hoc|x86.Build.0 = Release|x86
		{AEAA7ABF-A494-4717-A86A-2184D511ED14}.Ad-Hoc|x86.Deploy.0 = Release|x86
		{AEAA7ABF-A494-4717-A86A-2184D511ED14}.AppStore|Any CPU.ActiveCfg = Release|Any CPU
		{AEAA7ABF-A494-4717-A86A-2184D511ED14}.AppStore|Any CPU.Build.0 = Release|Any CPU
		{AEAA7ABF-A494-4717-A86A-2184D511ED14}.AppStore|Any CPU.Deploy.0 = Release|Any CPU
		{AEAA7ABF-A494-4717-A86A-2184D511ED14}.AppStore|ARM.ActiveCfg = Release|ARM
		{AEAA7ABF-A494-4717-A86A-2184D511ED14}.AppStore|ARM.Build.0 = Release|ARM
		{AEAA7ABF-A494-4717-A86A-2184D511ED14}.AppStore|ARM.Deploy.0 = Release|ARM
		{AEAA7ABF-A494-4717-A86A-2184D511ED14}.AppStore|iPhone.ActiveCfg = Release|Any CPU
		{AEAA7ABF-A494-4717-A86A-2184D511ED14}.AppStore|iPhone.Build.0 = Release|Any CPU
		{AEAA7ABF-A494-4717-A86A-2184D511ED14}.AppStore|iPhone.Deploy.0 = Release|Any CPU
		{AEAA7ABF-A494-4717-A86A-2184D511ED14}.AppStore|iPhoneSimulator.ActiveCfg = Release|Any CPU
		{AEAA7ABF-A494-4717-A86A-2184D511ED14}.AppStore|iPhoneSimulator.Build.0 = Release|Any CPU
		{AEAA7ABF-A494-4717-A86A-2184D511ED14}.AppStore|iPhoneSimulator.Deploy.0 = Release|Any CPU
		{AEAA7ABF-A494-4717-A86A-2184D511ED14}.AppStore|x64.ActiveCfg = Release|x64
		{AEAA7ABF-A494-4717-A86A-2184D511ED14}.AppStore|x64.Build.0 = Release|x64
		{AEAA7ABF-A494-4717-A86A-2184D511ED14}.AppStore|x64.Deploy.0 = Release|x64
		{AEAA7ABF-A494-4717-A86A-2184D511ED14}.AppStore|x86.ActiveCfg = Release|x86
		{AEAA7ABF-A494-4717-A86A-2184D511ED14}.AppStore|x86.Build.0 = Release|x86
		{AEAA7ABF-A494-4717-A86A-2184D511ED14}.AppStore|x86.Deploy.0 = Release|x86
		{AEAA7ABF-A494-4717-A86A-2184D511ED14}.Debug|Any CPU.ActiveCfg = Debug|Any CPU
		{AEAA7ABF-A494-4717-A86A-2184D511ED14}.Debug|Any CPU.Build.0 = Debug|Any CPU
		{AEAA7ABF-A494-4717-A86A-2184D511ED14}.Debug|Any CPU.Deploy.0 = Debug|Any CPU
		{AEAA7ABF-A494-4717-A86A-2184D511ED14}.Debug|ARM.ActiveCfg = Debug|ARM
		{AEAA7ABF-A494-4717-A86A-2184D511ED14}.Debug|ARM.Build.0 = Debug|ARM
		{AEAA7ABF-A494-4717-A86A-2184D511ED14}.Debug|ARM.Deploy.0 = Debug|ARM
		{AEAA7ABF-A494-4717-A86A-2184D511ED14}.Debug|iPhone.ActiveCfg = Debug|Any CPU
		{AEAA7ABF-A494-4717-A86A-2184D511ED14}.Debug|iPhone.Build.0 = Debug|Any CPU
		{AEAA7ABF-A494-4717-A86A-2184D511ED14}.Debug|iPhone.Deploy.0 = Debug|Any CPU
		{AEAA7ABF-A494-4717-A86A-2184D511ED14}.Debug|iPhoneSimulator.ActiveCfg = Debug|Any CPU
		{AEAA7ABF-A494-4717-A86A-2184D511ED14}.Debug|iPhoneSimulator.Build.0 = Debug|Any CPU
		{AEAA7ABF-A494-4717-A86A-2184D511ED14}.Debug|iPhoneSimulator.Deploy.0 = Debug|Any CPU
		{AEAA7ABF-A494-4717-A86A-2184D511ED14}.Debug|x64.ActiveCfg = Debug|x64
		{AEAA7ABF-A494-4717-A86A-2184D511ED14}.Debug|x64.Build.0 = Debug|x64
		{AEAA7ABF-A494-4717-A86A-2184D511ED14}.Debug|x64.Deploy.0 = Debug|x64
		{AEAA7ABF-A494-4717-A86A-2184D511ED14}.Debug|x86.ActiveCfg = Debug|x86
		{AEAA7ABF-A494-4717-A86A-2184D511ED14}.Debug|x86.Build.0 = Debug|x86
		{AEAA7ABF-A494-4717-A86A-2184D511ED14}.Debug|x86.Deploy.0 = Debug|x86
		{AEAA7ABF-A494-4717-A86A-2184D511ED14}.Release|Any CPU.ActiveCfg = Release|Any CPU
		{AEAA7ABF-A494-4717-A86A-2184D511ED14}.Release|Any CPU.Build.0 = Release|Any CPU
		{AEAA7ABF-A494-4717-A86A-2184D511ED14}.Release|Any CPU.Deploy.0 = Release|Any CPU
		{AEAA7ABF-A494-4717-A86A-2184D511ED14}.Release|ARM.ActiveCfg = Release|ARM
		{AEAA7ABF-A494-4717-A86A-2184D511ED14}.Release|ARM.Build.0 = Release|ARM
		{AEAA7ABF-A494-4717-A86A-2184D511ED14}.Release|ARM.Deploy.0 = Release|ARM
		{AEAA7ABF-A494-4717-A86A-2184D511ED14}.Release|iPhone.ActiveCfg = Release|Any CPU
		{AEAA7ABF-A494-4717-A86A-2184D511ED14}.Release|iPhone.Build.0 = Release|Any CPU
		{AEAA7ABF-A494-4717-A86A-2184D511ED14}.Release|iPhone.Deploy.0 = Release|Any CPU
		{AEAA7ABF-A494-4717-A86A-2184D511ED14}.Release|iPhoneSimulator.ActiveCfg = Release|Any CPU
		{AEAA7ABF-A494-4717-A86A-2184D511ED14}.Release|iPhoneSimulator.Build.0 = Release|Any CPU
		{AEAA7ABF-A494-4717-A86A-2184D511ED14}.Release|iPhoneSimulator.Deploy.0 = Release|Any CPU
		{AEAA7ABF-A494-4717-A86A-2184D511ED14}.Release|x64.ActiveCfg = Release|x64
		{AEAA7ABF-A494-4717-A86A-2184D511ED14}.Release|x64.Build.0 = Release|x64
		{AEAA7ABF-A494-4717-A86A-2184D511ED14}.Release|x64.Deploy.0 = Release|x64
		{AEAA7ABF-A494-4717-A86A-2184D511ED14}.Release|x86.ActiveCfg = Release|x86
		{AEAA7ABF-A494-4717-A86A-2184D511ED14}.Release|x86.Build.0 = Release|x86
		{AEAA7ABF-A494-4717-A86A-2184D511ED14}.Release|x86.Deploy.0 = Release|x86
		{B74E29FB-B81B-4453-83B8-7B10637F0725}.Ad-Hoc|Any CPU.ActiveCfg = Release|Any CPU
		{B74E29FB-B81B-4453-83B8-7B10637F0725}.Ad-Hoc|Any CPU.Build.0 = Release|Any CPU
		{B74E29FB-B81B-4453-83B8-7B10637F0725}.Ad-Hoc|ARM.ActiveCfg = Release|Any CPU
		{B74E29FB-B81B-4453-83B8-7B10637F0725}.Ad-Hoc|ARM.Build.0 = Release|Any CPU
		{B74E29FB-B81B-4453-83B8-7B10637F0725}.Ad-Hoc|iPhone.ActiveCfg = Release|Any CPU
		{B74E29FB-B81B-4453-83B8-7B10637F0725}.Ad-Hoc|iPhone.Build.0 = Release|Any CPU
		{B74E29FB-B81B-4453-83B8-7B10637F0725}.Ad-Hoc|iPhoneSimulator.ActiveCfg = Release|Any CPU
		{B74E29FB-B81B-4453-83B8-7B10637F0725}.Ad-Hoc|iPhoneSimulator.Build.0 = Release|Any CPU
		{B74E29FB-B81B-4453-83B8-7B10637F0725}.Ad-Hoc|x64.ActiveCfg = Release|Any CPU
		{B74E29FB-B81B-4453-83B8-7B10637F0725}.Ad-Hoc|x64.Build.0 = Release|Any CPU
		{B74E29FB-B81B-4453-83B8-7B10637F0725}.Ad-Hoc|x86.ActiveCfg = Release|Any CPU
		{B74E29FB-B81B-4453-83B8-7B10637F0725}.Ad-Hoc|x86.Build.0 = Release|Any CPU
		{B74E29FB-B81B-4453-83B8-7B10637F0725}.AppStore|Any CPU.ActiveCfg = Release|Any CPU
		{B74E29FB-B81B-4453-83B8-7B10637F0725}.AppStore|Any CPU.Build.0 = Release|Any CPU
		{B74E29FB-B81B-4453-83B8-7B10637F0725}.AppStore|ARM.ActiveCfg = Release|Any CPU
		{B74E29FB-B81B-4453-83B8-7B10637F0725}.AppStore|ARM.Build.0 = Release|Any CPU
		{B74E29FB-B81B-4453-83B8-7B10637F0725}.AppStore|iPhone.ActiveCfg = Release|Any CPU
		{B74E29FB-B81B-4453-83B8-7B10637F0725}.AppStore|iPhone.Build.0 = Release|Any CPU
		{B74E29FB-B81B-4453-83B8-7B10637F0725}.AppStore|iPhoneSimulator.ActiveCfg = Release|Any CPU
		{B74E29FB-B81B-4453-83B8-7B10637F0725}.AppStore|iPhoneSimulator.Build.0 = Release|Any CPU
		{B74E29FB-B81B-4453-83B8-7B10637F0725}.AppStore|x64.ActiveCfg = Release|Any CPU
		{B74E29FB-B81B-4453-83B8-7B10637F0725}.AppStore|x64.Build.0 = Release|Any CPU
		{B74E29FB-B81B-4453-83B8-7B10637F0725}.AppStore|x86.ActiveCfg = Release|Any CPU
		{B74E29FB-B81B-4453-83B8-7B10637F0725}.AppStore|x86.Build.0 = Release|Any CPU
		{B74E29FB-B81B-4453-83B8-7B10637F0725}.Debug|Any CPU.ActiveCfg = Debug|Any CPU
		{B74E29FB-B81B-4453-83B8-7B10637F0725}.Debug|Any CPU.Build.0 = Debug|Any CPU
		{B74E29FB-B81B-4453-83B8-7B10637F0725}.Debug|ARM.ActiveCfg = Debug|Any CPU
		{B74E29FB-B81B-4453-83B8-7B10637F0725}.Debug|ARM.Build.0 = Debug|Any CPU
		{B74E29FB-B81B-4453-83B8-7B10637F0725}.Debug|iPhone.ActiveCfg = Debug|Any CPU
		{B74E29FB-B81B-4453-83B8-7B10637F0725}.Debug|iPhone.Build.0 = Debug|Any CPU
		{B74E29FB-B81B-4453-83B8-7B10637F0725}.Debug|iPhoneSimulator.ActiveCfg = Debug|Any CPU
		{B74E29FB-B81B-4453-83B8-7B10637F0725}.Debug|iPhoneSimulator.Build.0 = Debug|Any CPU
		{B74E29FB-B81B-4453-83B8-7B10637F0725}.Debug|x64.ActiveCfg = Debug|Any CPU
		{B74E29FB-B81B-4453-83B8-7B10637F0725}.Debug|x64.Build.0 = Debug|Any CPU
		{B74E29FB-B81B-4453-83B8-7B10637F0725}.Debug|x86.ActiveCfg = Debug|Any CPU
		{B74E29FB-B81B-4453-83B8-7B10637F0725}.Debug|x86.Build.0 = Debug|Any CPU
		{B74E29FB-B81B-4453-83B8-7B10637F0725}.Release|Any CPU.ActiveCfg = Release|Any CPU
		{B74E29FB-B81B-4453-83B8-7B10637F0725}.Release|Any CPU.Build.0 = Release|Any CPU
		{B74E29FB-B81B-4453-83B8-7B10637F0725}.Release|ARM.ActiveCfg = Release|Any CPU
		{B74E29FB-B81B-4453-83B8-7B10637F0725}.Release|ARM.Build.0 = Release|Any CPU
		{B74E29FB-B81B-4453-83B8-7B10637F0725}.Release|iPhone.ActiveCfg = Release|Any CPU
		{B74E29FB-B81B-4453-83B8-7B10637F0725}.Release|iPhone.Build.0 = Release|Any CPU
		{B74E29FB-B81B-4453-83B8-7B10637F0725}.Release|iPhoneSimulator.ActiveCfg = Release|Any CPU
		{B74E29FB-B81B-4453-83B8-7B10637F0725}.Release|iPhoneSimulator.Build.0 = Release|Any CPU
		{B74E29FB-B81B-4453-83B8-7B10637F0725}.Release|x64.ActiveCfg = Release|Any CPU
		{B74E29FB-B81B-4453-83B8-7B10637F0725}.Release|x64.Build.0 = Release|Any CPU
		{B74E29FB-B81B-4453-83B8-7B10637F0725}.Release|x86.ActiveCfg = Release|Any CPU
		{B74E29FB-B81B-4453-83B8-7B10637F0725}.Release|x86.Build.0 = Release|Any CPU
		{71B51A4C-90BF-4F2F-9E07-D854BB010799}.Ad-Hoc|Any CPU.ActiveCfg = Release|Any CPU
		{71B51A4C-90BF-4F2F-9E07-D854BB010799}.Ad-Hoc|Any CPU.Build.0 = Release|Any CPU
		{71B51A4C-90BF-4F2F-9E07-D854BB010799}.Ad-Hoc|Any CPU.Deploy.0 = Release|Any CPU
		{71B51A4C-90BF-4F2F-9E07-D854BB010799}.Ad-Hoc|ARM.ActiveCfg = Release|Any CPU
		{71B51A4C-90BF-4F2F-9E07-D854BB010799}.Ad-Hoc|ARM.Build.0 = Release|Any CPU
		{71B51A4C-90BF-4F2F-9E07-D854BB010799}.Ad-Hoc|ARM.Deploy.0 = Release|Any CPU
		{71B51A4C-90BF-4F2F-9E07-D854BB010799}.Ad-Hoc|iPhone.ActiveCfg = Release|Any CPU
		{71B51A4C-90BF-4F2F-9E07-D854BB010799}.Ad-Hoc|iPhone.Build.0 = Release|Any CPU
		{71B51A4C-90BF-4F2F-9E07-D854BB010799}.Ad-Hoc|iPhone.Deploy.0 = Release|Any CPU
		{71B51A4C-90BF-4F2F-9E07-D854BB010799}.Ad-Hoc|iPhoneSimulator.ActiveCfg = Release|Any CPU
		{71B51A4C-90BF-4F2F-9E07-D854BB010799}.Ad-Hoc|iPhoneSimulator.Build.0 = Release|Any CPU
		{71B51A4C-90BF-4F2F-9E07-D854BB010799}.Ad-Hoc|iPhoneSimulator.Deploy.0 = Release|Any CPU
		{71B51A4C-90BF-4F2F-9E07-D854BB010799}.Ad-Hoc|x64.ActiveCfg = Release|Any CPU
		{71B51A4C-90BF-4F2F-9E07-D854BB010799}.Ad-Hoc|x64.Build.0 = Release|Any CPU
		{71B51A4C-90BF-4F2F-9E07-D854BB010799}.Ad-Hoc|x64.Deploy.0 = Release|Any CPU
		{71B51A4C-90BF-4F2F-9E07-D854BB010799}.Ad-Hoc|x86.ActiveCfg = Release|Any CPU
		{71B51A4C-90BF-4F2F-9E07-D854BB010799}.Ad-Hoc|x86.Build.0 = Release|Any CPU
		{71B51A4C-90BF-4F2F-9E07-D854BB010799}.Ad-Hoc|x86.Deploy.0 = Release|Any CPU
		{71B51A4C-90BF-4F2F-9E07-D854BB010799}.AppStore|Any CPU.ActiveCfg = Release|Any CPU
		{71B51A4C-90BF-4F2F-9E07-D854BB010799}.AppStore|Any CPU.Build.0 = Release|Any CPU
		{71B51A4C-90BF-4F2F-9E07-D854BB010799}.AppStore|Any CPU.Deploy.0 = Release|Any CPU
		{71B51A4C-90BF-4F2F-9E07-D854BB010799}.AppStore|ARM.ActiveCfg = Release|Any CPU
		{71B51A4C-90BF-4F2F-9E07-D854BB010799}.AppStore|ARM.Build.0 = Release|Any CPU
		{71B51A4C-90BF-4F2F-9E07-D854BB010799}.AppStore|ARM.Deploy.0 = Release|Any CPU
		{71B51A4C-90BF-4F2F-9E07-D854BB010799}.AppStore|iPhone.ActiveCfg = Release|Any CPU
		{71B51A4C-90BF-4F2F-9E07-D854BB010799}.AppStore|iPhone.Build.0 = Release|Any CPU
		{71B51A4C-90BF-4F2F-9E07-D854BB010799}.AppStore|iPhone.Deploy.0 = Release|Any CPU
		{71B51A4C-90BF-4F2F-9E07-D854BB010799}.AppStore|iPhoneSimulator.ActiveCfg = Release|Any CPU
		{71B51A4C-90BF-4F2F-9E07-D854BB010799}.AppStore|iPhoneSimulator.Build.0 = Release|Any CPU
		{71B51A4C-90BF-4F2F-9E07-D854BB010799}.AppStore|iPhoneSimulator.Deploy.0 = Release|Any CPU
		{71B51A4C-90BF-4F2F-9E07-D854BB010799}.AppStore|x64.ActiveCfg = Release|Any CPU
		{71B51A4C-90BF-4F2F-9E07-D854BB010799}.AppStore|x64.Build.0 = Release|Any CPU
		{71B51A4C-90BF-4F2F-9E07-D854BB010799}.AppStore|x64.Deploy.0 = Release|Any CPU
		{71B51A4C-90BF-4F2F-9E07-D854BB010799}.AppStore|x86.ActiveCfg = Release|Any CPU
		{71B51A4C-90BF-4F2F-9E07-D854BB010799}.AppStore|x86.Build.0 = Release|Any CPU
		{71B51A4C-90BF-4F2F-9E07-D854BB010799}.AppStore|x86.Deploy.0 = Release|Any CPU
		{71B51A4C-90BF-4F2F-9E07-D854BB010799}.Debug|Any CPU.ActiveCfg = Debug|Any CPU
		{71B51A4C-90BF-4F2F-9E07-D854BB010799}.Debug|Any CPU.Build.0 = Debug|Any CPU
		{71B51A4C-90BF-4F2F-9E07-D854BB010799}.Debug|Any CPU.Deploy.0 = Debug|Any CPU
		{71B51A4C-90BF-4F2F-9E07-D854BB010799}.Debug|ARM.ActiveCfg = Debug|Any CPU
		{71B51A4C-90BF-4F2F-9E07-D854BB010799}.Debug|ARM.Build.0 = Debug|Any CPU
		{71B51A4C-90BF-4F2F-9E07-D854BB010799}.Debug|ARM.Deploy.0 = Debug|Any CPU
		{71B51A4C-90BF-4F2F-9E07-D854BB010799}.Debug|iPhone.ActiveCfg = Debug|Any CPU
		{71B51A4C-90BF-4F2F-9E07-D854BB010799}.Debug|iPhone.Build.0 = Debug|Any CPU
		{71B51A4C-90BF-4F2F-9E07-D854BB010799}.Debug|iPhone.Deploy.0 = Debug|Any CPU
		{71B51A4C-90BF-4F2F-9E07-D854BB010799}.Debug|iPhoneSimulator.ActiveCfg = Debug|Any CPU
		{71B51A4C-90BF-4F2F-9E07-D854BB010799}.Debug|iPhoneSimulator.Build.0 = Debug|Any CPU
		{71B51A4C-90BF-4F2F-9E07-D854BB010799}.Debug|iPhoneSimulator.Deploy.0 = Debug|Any CPU
		{71B51A4C-90BF-4F2F-9E07-D854BB010799}.Debug|x64.ActiveCfg = Debug|Any CPU
		{71B51A4C-90BF-4F2F-9E07-D854BB010799}.Debug|x64.Build.0 = Debug|Any CPU
		{71B51A4C-90BF-4F2F-9E07-D854BB010799}.Debug|x64.Deploy.0 = Debug|Any CPU
		{71B51A4C-90BF-4F2F-9E07-D854BB010799}.Debug|x86.ActiveCfg = Debug|Any CPU
		{71B51A4C-90BF-4F2F-9E07-D854BB010799}.Debug|x86.Build.0 = Debug|Any CPU
		{71B51A4C-90BF-4F2F-9E07-D854BB010799}.Debug|x86.Deploy.0 = Debug|Any CPU
		{71B51A4C-90BF-4F2F-9E07-D854BB010799}.Release|Any CPU.ActiveCfg = Release|Any CPU
		{71B51A4C-90BF-4F2F-9E07-D854BB010799}.Release|Any CPU.Build.0 = Release|Any CPU
		{71B51A4C-90BF-4F2F-9E07-D854BB010799}.Release|Any CPU.Deploy.0 = Release|Any CPU
		{71B51A4C-90BF-4F2F-9E07-D854BB010799}.Release|ARM.ActiveCfg = Release|Any CPU
		{71B51A4C-90BF-4F2F-9E07-D854BB010799}.Release|ARM.Build.0 = Release|Any CPU
		{71B51A4C-90BF-4F2F-9E07-D854BB010799}.Release|ARM.Deploy.0 = Release|Any CPU
		{71B51A4C-90BF-4F2F-9E07-D854BB010799}.Release|iPhone.ActiveCfg = Release|Any CPU
		{71B51A4C-90BF-4F2F-9E07-D854BB010799}.Release|iPhone.Build.0 = Release|Any CPU
		{71B51A4C-90BF-4F2F-9E07-D854BB010799}.Release|iPhone.Deploy.0 = Release|Any CPU
		{71B51A4C-90BF-4F2F-9E07-D854BB010799}.Release|iPhoneSimulator.ActiveCfg = Release|Any CPU
		{71B51A4C-90BF-4F2F-9E07-D854BB010799}.Release|iPhoneSimulator.Build.0 = Release|Any CPU
		{71B51A4C-90BF-4F2F-9E07-D854BB010799}.Release|iPhoneSimulator.Deploy.0 = Release|Any CPU
		{71B51A4C-90BF-4F2F-9E07-D854BB010799}.Release|x64.ActiveCfg = Release|Any CPU
		{71B51A4C-90BF-4F2F-9E07-D854BB010799}.Release|x64.Build.0 = Release|Any CPU
		{71B51A4C-90BF-4F2F-9E07-D854BB010799}.Release|x64.Deploy.0 = Release|Any CPU
		{71B51A4C-90BF-4F2F-9E07-D854BB010799}.Release|x86.ActiveCfg = Release|Any CPU
		{71B51A4C-90BF-4F2F-9E07-D854BB010799}.Release|x86.Build.0 = Release|Any CPU
		{71B51A4C-90BF-4F2F-9E07-D854BB010799}.Release|x86.Deploy.0 = Release|Any CPU
		{2838BE44-5D79-4808-889D-8C4AE80C17EE}.Ad-Hoc|Any CPU.ActiveCfg = Ad-Hoc|iPhone
		{2838BE44-5D79-4808-889D-8C4AE80C17EE}.Ad-Hoc|ARM.ActiveCfg = Ad-Hoc|iPhone
		{2838BE44-5D79-4808-889D-8C4AE80C17EE}.Ad-Hoc|iPhone.ActiveCfg = Ad-Hoc|iPhone
		{2838BE44-5D79-4808-889D-8C4AE80C17EE}.Ad-Hoc|iPhone.Build.0 = Ad-Hoc|iPhone
		{2838BE44-5D79-4808-889D-8C4AE80C17EE}.Ad-Hoc|iPhoneSimulator.ActiveCfg = Ad-Hoc|iPhoneSimulator
		{2838BE44-5D79-4808-889D-8C4AE80C17EE}.Ad-Hoc|iPhoneSimulator.Build.0 = Ad-Hoc|iPhoneSimulator
		{2838BE44-5D79-4808-889D-8C4AE80C17EE}.Ad-Hoc|x64.ActiveCfg = Ad-Hoc|iPhone
		{2838BE44-5D79-4808-889D-8C4AE80C17EE}.Ad-Hoc|x86.ActiveCfg = Ad-Hoc|iPhone
		{2838BE44-5D79-4808-889D-8C4AE80C17EE}.AppStore|Any CPU.ActiveCfg = AppStore|iPhone
		{2838BE44-5D79-4808-889D-8C4AE80C17EE}.AppStore|ARM.ActiveCfg = AppStore|iPhone
		{2838BE44-5D79-4808-889D-8C4AE80C17EE}.AppStore|iPhone.ActiveCfg = AppStore|iPhone
		{2838BE44-5D79-4808-889D-8C4AE80C17EE}.AppStore|iPhone.Build.0 = AppStore|iPhone
		{2838BE44-5D79-4808-889D-8C4AE80C17EE}.AppStore|iPhoneSimulator.ActiveCfg = AppStore|iPhoneSimulator
		{2838BE44-5D79-4808-889D-8C4AE80C17EE}.AppStore|iPhoneSimulator.Build.0 = AppStore|iPhoneSimulator
		{2838BE44-5D79-4808-889D-8C4AE80C17EE}.AppStore|x64.ActiveCfg = AppStore|iPhone
		{2838BE44-5D79-4808-889D-8C4AE80C17EE}.AppStore|x86.ActiveCfg = AppStore|iPhone
		{2838BE44-5D79-4808-889D-8C4AE80C17EE}.Debug|Any CPU.ActiveCfg = Debug|iPhone
		{2838BE44-5D79-4808-889D-8C4AE80C17EE}.Debug|ARM.ActiveCfg = Debug|iPhone
		{2838BE44-5D79-4808-889D-8C4AE80C17EE}.Debug|iPhone.ActiveCfg = Debug|iPhone
		{2838BE44-5D79-4808-889D-8C4AE80C17EE}.Debug|iPhone.Build.0 = Debug|iPhone
		{2838BE44-5D79-4808-889D-8C4AE80C17EE}.Debug|iPhoneSimulator.ActiveCfg = Debug|iPhoneSimulator
		{2838BE44-5D79-4808-889D-8C4AE80C17EE}.Debug|iPhoneSimulator.Build.0 = Debug|iPhoneSimulator
		{2838BE44-5D79-4808-889D-8C4AE80C17EE}.Debug|x64.ActiveCfg = Debug|iPhone
		{2838BE44-5D79-4808-889D-8C4AE80C17EE}.Debug|x86.ActiveCfg = Debug|iPhone
		{2838BE44-5D79-4808-889D-8C4AE80C17EE}.Release|Any CPU.ActiveCfg = Release|iPhone
		{2838BE44-5D79-4808-889D-8C4AE80C17EE}.Release|ARM.ActiveCfg = Release|iPhone
		{2838BE44-5D79-4808-889D-8C4AE80C17EE}.Release|iPhone.ActiveCfg = Release|iPhone
		{2838BE44-5D79-4808-889D-8C4AE80C17EE}.Release|iPhone.Build.0 = Release|iPhone
		{2838BE44-5D79-4808-889D-8C4AE80C17EE}.Release|iPhoneSimulator.ActiveCfg = Release|iPhoneSimulator
		{2838BE44-5D79-4808-889D-8C4AE80C17EE}.Release|iPhoneSimulator.Build.0 = Release|iPhoneSimulator
		{2838BE44-5D79-4808-889D-8C4AE80C17EE}.Release|x64.ActiveCfg = Release|iPhone
		{2838BE44-5D79-4808-889D-8C4AE80C17EE}.Release|x86.ActiveCfg = Release|iPhone
		{D48F5179-FA7F-4A9E-BF76-2E9D8B1671F4}.Ad-Hoc|Any CPU.ActiveCfg = Release|Any CPU
		{D48F5179-FA7F-4A9E-BF76-2E9D8B1671F4}.Ad-Hoc|Any CPU.Build.0 = Release|Any CPU
		{D48F5179-FA7F-4A9E-BF76-2E9D8B1671F4}.Ad-Hoc|Any CPU.Deploy.0 = Release|Any CPU
		{D48F5179-FA7F-4A9E-BF76-2E9D8B1671F4}.Ad-Hoc|ARM.ActiveCfg = Release|ARM
		{D48F5179-FA7F-4A9E-BF76-2E9D8B1671F4}.Ad-Hoc|ARM.Build.0 = Release|ARM
		{D48F5179-FA7F-4A9E-BF76-2E9D8B1671F4}.Ad-Hoc|ARM.Deploy.0 = Release|ARM
		{D48F5179-FA7F-4A9E-BF76-2E9D8B1671F4}.Ad-Hoc|iPhone.ActiveCfg = Release|Any CPU
		{D48F5179-FA7F-4A9E-BF76-2E9D8B1671F4}.Ad-Hoc|iPhone.Build.0 = Release|Any CPU
		{D48F5179-FA7F-4A9E-BF76-2E9D8B1671F4}.Ad-Hoc|iPhone.Deploy.0 = Release|Any CPU
		{D48F5179-FA7F-4A9E-BF76-2E9D8B1671F4}.Ad-Hoc|iPhoneSimulator.ActiveCfg = Release|Any CPU
		{D48F5179-FA7F-4A9E-BF76-2E9D8B1671F4}.Ad-Hoc|iPhoneSimulator.Build.0 = Release|Any CPU
		{D48F5179-FA7F-4A9E-BF76-2E9D8B1671F4}.Ad-Hoc|iPhoneSimulator.Deploy.0 = Release|Any CPU
		{D48F5179-FA7F-4A9E-BF76-2E9D8B1671F4}.Ad-Hoc|x64.ActiveCfg = Release|Any CPU
		{D48F5179-FA7F-4A9E-BF76-2E9D8B1671F4}.Ad-Hoc|x64.Build.0 = Release|Any CPU
		{D48F5179-FA7F-4A9E-BF76-2E9D8B1671F4}.Ad-Hoc|x64.Deploy.0 = Release|Any CPU
		{D48F5179-FA7F-4A9E-BF76-2E9D8B1671F4}.Ad-Hoc|x86.ActiveCfg = Release|x86
		{D48F5179-FA7F-4A9E-BF76-2E9D8B1671F4}.Ad-Hoc|x86.Build.0 = Release|x86
		{D48F5179-FA7F-4A9E-BF76-2E9D8B1671F4}.Ad-Hoc|x86.Deploy.0 = Release|x86
		{D48F5179-FA7F-4A9E-BF76-2E9D8B1671F4}.AppStore|Any CPU.ActiveCfg = Release|Any CPU
		{D48F5179-FA7F-4A9E-BF76-2E9D8B1671F4}.AppStore|Any CPU.Build.0 = Release|Any CPU
		{D48F5179-FA7F-4A9E-BF76-2E9D8B1671F4}.AppStore|Any CPU.Deploy.0 = Release|Any CPU
		{D48F5179-FA7F-4A9E-BF76-2E9D8B1671F4}.AppStore|ARM.ActiveCfg = Release|ARM
		{D48F5179-FA7F-4A9E-BF76-2E9D8B1671F4}.AppStore|ARM.Build.0 = Release|ARM
		{D48F5179-FA7F-4A9E-BF76-2E9D8B1671F4}.AppStore|ARM.Deploy.0 = Release|ARM
		{D48F5179-FA7F-4A9E-BF76-2E9D8B1671F4}.AppStore|iPhone.ActiveCfg = Release|Any CPU
		{D48F5179-FA7F-4A9E-BF76-2E9D8B1671F4}.AppStore|iPhone.Build.0 = Release|Any CPU
		{D48F5179-FA7F-4A9E-BF76-2E9D8B1671F4}.AppStore|iPhone.Deploy.0 = Release|Any CPU
		{D48F5179-FA7F-4A9E-BF76-2E9D8B1671F4}.AppStore|iPhoneSimulator.ActiveCfg = Release|Any CPU
		{D48F5179-FA7F-4A9E-BF76-2E9D8B1671F4}.AppStore|iPhoneSimulator.Build.0 = Release|Any CPU
		{D48F5179-FA7F-4A9E-BF76-2E9D8B1671F4}.AppStore|iPhoneSimulator.Deploy.0 = Release|Any CPU
		{D48F5179-FA7F-4A9E-BF76-2E9D8B1671F4}.AppStore|x64.ActiveCfg = Release|Any CPU
		{D48F5179-FA7F-4A9E-BF76-2E9D8B1671F4}.AppStore|x64.Build.0 = Release|Any CPU
		{D48F5179-FA7F-4A9E-BF76-2E9D8B1671F4}.AppStore|x64.Deploy.0 = Release|Any CPU
		{D48F5179-FA7F-4A9E-BF76-2E9D8B1671F4}.AppStore|x86.ActiveCfg = Release|x86
		{D48F5179-FA7F-4A9E-BF76-2E9D8B1671F4}.AppStore|x86.Build.0 = Release|x86
		{D48F5179-FA7F-4A9E-BF76-2E9D8B1671F4}.AppStore|x86.Deploy.0 = Release|x86
		{D48F5179-FA7F-4A9E-BF76-2E9D8B1671F4}.Debug|Any CPU.ActiveCfg = Debug|Any CPU
		{D48F5179-FA7F-4A9E-BF76-2E9D8B1671F4}.Debug|Any CPU.Build.0 = Debug|Any CPU
		{D48F5179-FA7F-4A9E-BF76-2E9D8B1671F4}.Debug|Any CPU.Deploy.0 = Debug|Any CPU
		{D48F5179-FA7F-4A9E-BF76-2E9D8B1671F4}.Debug|ARM.ActiveCfg = Debug|ARM
		{D48F5179-FA7F-4A9E-BF76-2E9D8B1671F4}.Debug|ARM.Build.0 = Debug|ARM
		{D48F5179-FA7F-4A9E-BF76-2E9D8B1671F4}.Debug|ARM.Deploy.0 = Debug|ARM
		{D48F5179-FA7F-4A9E-BF76-2E9D8B1671F4}.Debug|iPhone.ActiveCfg = Debug|Any CPU
		{D48F5179-FA7F-4A9E-BF76-2E9D8B1671F4}.Debug|iPhone.Build.0 = Debug|Any CPU
		{D48F5179-FA7F-4A9E-BF76-2E9D8B1671F4}.Debug|iPhone.Deploy.0 = Debug|Any CPU
		{D48F5179-FA7F-4A9E-BF76-2E9D8B1671F4}.Debug|iPhoneSimulator.ActiveCfg = Debug|Any CPU
		{D48F5179-FA7F-4A9E-BF76-2E9D8B1671F4}.Debug|iPhoneSimulator.Build.0 = Debug|Any CPU
		{D48F5179-FA7F-4A9E-BF76-2E9D8B1671F4}.Debug|iPhoneSimulator.Deploy.0 = Debug|Any CPU
		{D48F5179-FA7F-4A9E-BF76-2E9D8B1671F4}.Debug|x64.ActiveCfg = Debug|Any CPU
		{D48F5179-FA7F-4A9E-BF76-2E9D8B1671F4}.Debug|x64.Build.0 = Debug|Any CPU
		{D48F5179-FA7F-4A9E-BF76-2E9D8B1671F4}.Debug|x64.Deploy.0 = Debug|Any CPU
		{D48F5179-FA7F-4A9E-BF76-2E9D8B1671F4}.Debug|x86.ActiveCfg = Debug|x86
		{D48F5179-FA7F-4A9E-BF76-2E9D8B1671F4}.Debug|x86.Build.0 = Debug|x86
		{D48F5179-FA7F-4A9E-BF76-2E9D8B1671F4}.Debug|x86.Deploy.0 = Debug|x86
		{D48F5179-FA7F-4A9E-BF76-2E9D8B1671F4}.Release|Any CPU.ActiveCfg = Release|Any CPU
		{D48F5179-FA7F-4A9E-BF76-2E9D8B1671F4}.Release|Any CPU.Build.0 = Release|Any CPU
		{D48F5179-FA7F-4A9E-BF76-2E9D8B1671F4}.Release|Any CPU.Deploy.0 = Release|Any CPU
		{D48F5179-FA7F-4A9E-BF76-2E9D8B1671F4}.Release|ARM.ActiveCfg = Release|ARM
		{D48F5179-FA7F-4A9E-BF76-2E9D8B1671F4}.Release|ARM.Build.0 = Release|ARM
		{D48F5179-FA7F-4A9E-BF76-2E9D8B1671F4}.Release|ARM.Deploy.0 = Release|ARM
		{D48F5179-FA7F-4A9E-BF76-2E9D8B1671F4}.Release|iPhone.ActiveCfg = Release|Any CPU
		{D48F5179-FA7F-4A9E-BF76-2E9D8B1671F4}.Release|iPhone.Build.0 = Release|Any CPU
		{D48F5179-FA7F-4A9E-BF76-2E9D8B1671F4}.Release|iPhone.Deploy.0 = Release|Any CPU
		{D48F5179-FA7F-4A9E-BF76-2E9D8B1671F4}.Release|iPhoneSimulator.ActiveCfg = Release|Any CPU
		{D48F5179-FA7F-4A9E-BF76-2E9D8B1671F4}.Release|iPhoneSimulator.Build.0 = Release|Any CPU
		{D48F5179-FA7F-4A9E-BF76-2E9D8B1671F4}.Release|iPhoneSimulator.Deploy.0 = Release|Any CPU
		{D48F5179-FA7F-4A9E-BF76-2E9D8B1671F4}.Release|x64.ActiveCfg = Release|Any CPU
		{D48F5179-FA7F-4A9E-BF76-2E9D8B1671F4}.Release|x64.Build.0 = Release|Any CPU
		{D48F5179-FA7F-4A9E-BF76-2E9D8B1671F4}.Release|x64.Deploy.0 = Release|Any CPU
		{D48F5179-FA7F-4A9E-BF76-2E9D8B1671F4}.Release|x86.ActiveCfg = Release|x86
		{D48F5179-FA7F-4A9E-BF76-2E9D8B1671F4}.Release|x86.Build.0 = Release|x86
		{D48F5179-FA7F-4A9E-BF76-2E9D8B1671F4}.Release|x86.Deploy.0 = Release|x86
		{D3749E38-4EFF-48DA-8070-03AC921D0812}.Ad-Hoc|Any CPU.ActiveCfg = Release|x86
		{D3749E38-4EFF-48DA-8070-03AC921D0812}.Ad-Hoc|Any CPU.Build.0 = Release|x86
		{D3749E38-4EFF-48DA-8070-03AC921D0812}.Ad-Hoc|Any CPU.Deploy.0 = Release|x86
		{D3749E38-4EFF-48DA-8070-03AC921D0812}.Ad-Hoc|ARM.ActiveCfg = Release|ARM
		{D3749E38-4EFF-48DA-8070-03AC921D0812}.Ad-Hoc|ARM.Build.0 = Release|ARM
		{D3749E38-4EFF-48DA-8070-03AC921D0812}.Ad-Hoc|ARM.Deploy.0 = Release|ARM
		{D3749E38-4EFF-48DA-8070-03AC921D0812}.Ad-Hoc|iPhone.ActiveCfg = Release|x86
		{D3749E38-4EFF-48DA-8070-03AC921D0812}.Ad-Hoc|iPhone.Build.0 = Release|x86
		{D3749E38-4EFF-48DA-8070-03AC921D0812}.Ad-Hoc|iPhone.Deploy.0 = Release|x86
		{D3749E38-4EFF-48DA-8070-03AC921D0812}.Ad-Hoc|iPhoneSimulator.ActiveCfg = Release|x86
		{D3749E38-4EFF-48DA-8070-03AC921D0812}.Ad-Hoc|iPhoneSimulator.Build.0 = Release|x86
		{D3749E38-4EFF-48DA-8070-03AC921D0812}.Ad-Hoc|iPhoneSimulator.Deploy.0 = Release|x86
		{D3749E38-4EFF-48DA-8070-03AC921D0812}.Ad-Hoc|x64.ActiveCfg = Release|x64
		{D3749E38-4EFF-48DA-8070-03AC921D0812}.Ad-Hoc|x64.Build.0 = Release|x64
		{D3749E38-4EFF-48DA-8070-03AC921D0812}.Ad-Hoc|x64.Deploy.0 = Release|x64
		{D3749E38-4EFF-48DA-8070-03AC921D0812}.Ad-Hoc|x86.ActiveCfg = Release|x86
		{D3749E38-4EFF-48DA-8070-03AC921D0812}.Ad-Hoc|x86.Build.0 = Release|x86
		{D3749E38-4EFF-48DA-8070-03AC921D0812}.Ad-Hoc|x86.Deploy.0 = Release|x86
		{D3749E38-4EFF-48DA-8070-03AC921D0812}.AppStore|Any CPU.ActiveCfg = Release|x86
		{D3749E38-4EFF-48DA-8070-03AC921D0812}.AppStore|Any CPU.Build.0 = Release|x86
		{D3749E38-4EFF-48DA-8070-03AC921D0812}.AppStore|Any CPU.Deploy.0 = Release|x86
		{D3749E38-4EFF-48DA-8070-03AC921D0812}.AppStore|ARM.ActiveCfg = Release|ARM
		{D3749E38-4EFF-48DA-8070-03AC921D0812}.AppStore|ARM.Build.0 = Release|ARM
		{D3749E38-4EFF-48DA-8070-03AC921D0812}.AppStore|ARM.Deploy.0 = Release|ARM
		{D3749E38-4EFF-48DA-8070-03AC921D0812}.AppStore|iPhone.ActiveCfg = Release|x86
		{D3749E38-4EFF-48DA-8070-03AC921D0812}.AppStore|iPhone.Build.0 = Release|x86
		{D3749E38-4EFF-48DA-8070-03AC921D0812}.AppStore|iPhone.Deploy.0 = Release|x86
		{D3749E38-4EFF-48DA-8070-03AC921D0812}.AppStore|iPhoneSimulator.ActiveCfg = Release|x86
		{D3749E38-4EFF-48DA-8070-03AC921D0812}.AppStore|iPhoneSimulator.Build.0 = Release|x86
		{D3749E38-4EFF-48DA-8070-03AC921D0812}.AppStore|iPhoneSimulator.Deploy.0 = Release|x86
		{D3749E38-4EFF-48DA-8070-03AC921D0812}.AppStore|x64.ActiveCfg = Release|x64
		{D3749E38-4EFF-48DA-8070-03AC921D0812}.AppStore|x64.Build.0 = Release|x64
		{D3749E38-4EFF-48DA-8070-03AC921D0812}.AppStore|x64.Deploy.0 = Release|x64
		{D3749E38-4EFF-48DA-8070-03AC921D0812}.AppStore|x86.ActiveCfg = Release|x86
		{D3749E38-4EFF-48DA-8070-03AC921D0812}.AppStore|x86.Build.0 = Release|x86
		{D3749E38-4EFF-48DA-8070-03AC921D0812}.AppStore|x86.Deploy.0 = Release|x86
		{D3749E38-4EFF-48DA-8070-03AC921D0812}.Debug|Any CPU.ActiveCfg = Debug|x86
		{D3749E38-4EFF-48DA-8070-03AC921D0812}.Debug|ARM.ActiveCfg = Debug|ARM
		{D3749E38-4EFF-48DA-8070-03AC921D0812}.Debug|ARM.Build.0 = Debug|ARM
		{D3749E38-4EFF-48DA-8070-03AC921D0812}.Debug|ARM.Deploy.0 = Debug|ARM
		{D3749E38-4EFF-48DA-8070-03AC921D0812}.Debug|iPhone.ActiveCfg = Debug|x86
		{D3749E38-4EFF-48DA-8070-03AC921D0812}.Debug|iPhoneSimulator.ActiveCfg = Debug|x86
		{D3749E38-4EFF-48DA-8070-03AC921D0812}.Debug|x64.ActiveCfg = Debug|x64
		{D3749E38-4EFF-48DA-8070-03AC921D0812}.Debug|x64.Build.0 = Debug|x64
		{D3749E38-4EFF-48DA-8070-03AC921D0812}.Debug|x64.Deploy.0 = Debug|x64
		{D3749E38-4EFF-48DA-8070-03AC921D0812}.Debug|x86.ActiveCfg = Debug|x86
		{D3749E38-4EFF-48DA-8070-03AC921D0812}.Debug|x86.Build.0 = Debug|x86
		{D3749E38-4EFF-48DA-8070-03AC921D0812}.Debug|x86.Deploy.0 = Debug|x86
		{D3749E38-4EFF-48DA-8070-03AC921D0812}.Release|Any CPU.ActiveCfg = Release|x86
		{D3749E38-4EFF-48DA-8070-03AC921D0812}.Release|ARM.ActiveCfg = Release|ARM
		{D3749E38-4EFF-48DA-8070-03AC921D0812}.Release|ARM.Build.0 = Release|ARM
		{D3749E38-4EFF-48DA-8070-03AC921D0812}.Release|ARM.Deploy.0 = Release|ARM
		{D3749E38-4EFF-48DA-8070-03AC921D0812}.Release|iPhone.ActiveCfg = Release|x86
		{D3749E38-4EFF-48DA-8070-03AC921D0812}.Release|iPhoneSimulator.ActiveCfg = Release|x86
		{D3749E38-4EFF-48DA-8070-03AC921D0812}.Release|x64.ActiveCfg = Release|x64
		{D3749E38-4EFF-48DA-8070-03AC921D0812}.Release|x64.Build.0 = Release|x64
		{D3749E38-4EFF-48DA-8070-03AC921D0812}.Release|x64.Deploy.0 = Release|x64
		{D3749E38-4EFF-48DA-8070-03AC921D0812}.Release|x86.ActiveCfg = Release|x86
		{D3749E38-4EFF-48DA-8070-03AC921D0812}.Release|x86.Build.0 = Release|x86
		{D3749E38-4EFF-48DA-8070-03AC921D0812}.Release|x86.Deploy.0 = Release|x86
		{552DCD3F-C6F7-4C49-BA23-12805E5E4054}.Ad-Hoc|Any CPU.ActiveCfg = Release|Any CPU
		{552DCD3F-C6F7-4C49-BA23-12805E5E4054}.Ad-Hoc|Any CPU.Build.0 = Release|Any CPU
		{552DCD3F-C6F7-4C49-BA23-12805E5E4054}.Ad-Hoc|Any CPU.Deploy.0 = Release|Any CPU
		{552DCD3F-C6F7-4C49-BA23-12805E5E4054}.Ad-Hoc|ARM.ActiveCfg = Release|ARM
		{552DCD3F-C6F7-4C49-BA23-12805E5E4054}.Ad-Hoc|ARM.Build.0 = Release|ARM
		{552DCD3F-C6F7-4C49-BA23-12805E5E4054}.Ad-Hoc|ARM.Deploy.0 = Release|ARM
		{552DCD3F-C6F7-4C49-BA23-12805E5E4054}.Ad-Hoc|iPhone.ActiveCfg = Release|Any CPU
		{552DCD3F-C6F7-4C49-BA23-12805E5E4054}.Ad-Hoc|iPhone.Build.0 = Release|Any CPU
		{552DCD3F-C6F7-4C49-BA23-12805E5E4054}.Ad-Hoc|iPhone.Deploy.0 = Release|Any CPU
		{552DCD3F-C6F7-4C49-BA23-12805E5E4054}.Ad-Hoc|iPhoneSimulator.ActiveCfg = Release|Any CPU
		{552DCD3F-C6F7-4C49-BA23-12805E5E4054}.Ad-Hoc|iPhoneSimulator.Build.0 = Release|Any CPU
		{552DCD3F-C6F7-4C49-BA23-12805E5E4054}.Ad-Hoc|iPhoneSimulator.Deploy.0 = Release|Any CPU
		{552DCD3F-C6F7-4C49-BA23-12805E5E4054}.Ad-Hoc|x64.ActiveCfg = Release|x64
		{552DCD3F-C6F7-4C49-BA23-12805E5E4054}.Ad-Hoc|x64.Build.0 = Release|x64
		{552DCD3F-C6F7-4C49-BA23-12805E5E4054}.Ad-Hoc|x64.Deploy.0 = Release|x64
		{552DCD3F-C6F7-4C49-BA23-12805E5E4054}.Ad-Hoc|x86.ActiveCfg = Release|x86
		{552DCD3F-C6F7-4C49-BA23-12805E5E4054}.Ad-Hoc|x86.Build.0 = Release|x86
		{552DCD3F-C6F7-4C49-BA23-12805E5E4054}.Ad-Hoc|x86.Deploy.0 = Release|x86
		{552DCD3F-C6F7-4C49-BA23-12805E5E4054}.AppStore|Any CPU.ActiveCfg = Release|Any CPU
		{552DCD3F-C6F7-4C49-BA23-12805E5E4054}.AppStore|Any CPU.Build.0 = Release|Any CPU
		{552DCD3F-C6F7-4C49-BA23-12805E5E4054}.AppStore|Any CPU.Deploy.0 = Release|Any CPU
		{552DCD3F-C6F7-4C49-BA23-12805E5E4054}.AppStore|ARM.ActiveCfg = Release|ARM
		{552DCD3F-C6F7-4C49-BA23-12805E5E4054}.AppStore|ARM.Build.0 = Release|ARM
		{552DCD3F-C6F7-4C49-BA23-12805E5E4054}.AppStore|ARM.Deploy.0 = Release|ARM
		{552DCD3F-C6F7-4C49-BA23-12805E5E4054}.AppStore|iPhone.ActiveCfg = Release|Any CPU
		{552DCD3F-C6F7-4C49-BA23-12805E5E4054}.AppStore|iPhone.Build.0 = Release|Any CPU
		{552DCD3F-C6F7-4C49-BA23-12805E5E4054}.AppStore|iPhone.Deploy.0 = Release|Any CPU
		{552DCD3F-C6F7-4C49-BA23-12805E5E4054}.AppStore|iPhoneSimulator.ActiveCfg = Release|Any CPU
		{552DCD3F-C6F7-4C49-BA23-12805E5E4054}.AppStore|iPhoneSimulator.Build.0 = Release|Any CPU
		{552DCD3F-C6F7-4C49-BA23-12805E5E4054}.AppStore|iPhoneSimulator.Deploy.0 = Release|Any CPU
		{552DCD3F-C6F7-4C49-BA23-12805E5E4054}.AppStore|x64.ActiveCfg = Release|x64
		{552DCD3F-C6F7-4C49-BA23-12805E5E4054}.AppStore|x64.Build.0 = Release|x64
		{552DCD3F-C6F7-4C49-BA23-12805E5E4054}.AppStore|x64.Deploy.0 = Release|x64
		{552DCD3F-C6F7-4C49-BA23-12805E5E4054}.AppStore|x86.ActiveCfg = Release|x86
		{552DCD3F-C6F7-4C49-BA23-12805E5E4054}.AppStore|x86.Build.0 = Release|x86
		{552DCD3F-C6F7-4C49-BA23-12805E5E4054}.AppStore|x86.Deploy.0 = Release|x86
		{552DCD3F-C6F7-4C49-BA23-12805E5E4054}.Debug|Any CPU.ActiveCfg = Debug|Any CPU
		{552DCD3F-C6F7-4C49-BA23-12805E5E4054}.Debug|Any CPU.Build.0 = Debug|Any CPU
		{552DCD3F-C6F7-4C49-BA23-12805E5E4054}.Debug|Any CPU.Deploy.0 = Debug|Any CPU
		{552DCD3F-C6F7-4C49-BA23-12805E5E4054}.Debug|ARM.ActiveCfg = Debug|ARM
		{552DCD3F-C6F7-4C49-BA23-12805E5E4054}.Debug|ARM.Build.0 = Debug|ARM
		{552DCD3F-C6F7-4C49-BA23-12805E5E4054}.Debug|ARM.Deploy.0 = Debug|ARM
		{552DCD3F-C6F7-4C49-BA23-12805E5E4054}.Debug|iPhone.ActiveCfg = Debug|Any CPU
		{552DCD3F-C6F7-4C49-BA23-12805E5E4054}.Debug|iPhone.Build.0 = Debug|Any CPU
		{552DCD3F-C6F7-4C49-BA23-12805E5E4054}.Debug|iPhone.Deploy.0 = Debug|Any CPU
		{552DCD3F-C6F7-4C49-BA23-12805E5E4054}.Debug|iPhoneSimulator.ActiveCfg = Debug|Any CPU
		{552DCD3F-C6F7-4C49-BA23-12805E5E4054}.Debug|iPhoneSimulator.Build.0 = Debug|Any CPU
		{552DCD3F-C6F7-4C49-BA23-12805E5E4054}.Debug|iPhoneSimulator.Deploy.0 = Debug|Any CPU
		{552DCD3F-C6F7-4C49-BA23-12805E5E4054}.Debug|x64.ActiveCfg = Debug|x64
		{552DCD3F-C6F7-4C49-BA23-12805E5E4054}.Debug|x64.Build.0 = Debug|x64
		{552DCD3F-C6F7-4C49-BA23-12805E5E4054}.Debug|x64.Deploy.0 = Debug|x64
		{552DCD3F-C6F7-4C49-BA23-12805E5E4054}.Debug|x86.ActiveCfg = Debug|x86
		{552DCD3F-C6F7-4C49-BA23-12805E5E4054}.Debug|x86.Build.0 = Debug|x86
		{552DCD3F-C6F7-4C49-BA23-12805E5E4054}.Debug|x86.Deploy.0 = Debug|x86
		{552DCD3F-C6F7-4C49-BA23-12805E5E4054}.Release|Any CPU.ActiveCfg = Release|Any CPU
		{552DCD3F-C6F7-4C49-BA23-12805E5E4054}.Release|Any CPU.Build.0 = Release|Any CPU
		{552DCD3F-C6F7-4C49-BA23-12805E5E4054}.Release|Any CPU.Deploy.0 = Release|Any CPU
		{552DCD3F-C6F7-4C49-BA23-12805E5E4054}.Release|ARM.ActiveCfg = Release|ARM
		{552DCD3F-C6F7-4C49-BA23-12805E5E4054}.Release|ARM.Build.0 = Release|ARM
		{552DCD3F-C6F7-4C49-BA23-12805E5E4054}.Release|ARM.Deploy.0 = Release|ARM
		{552DCD3F-C6F7-4C49-BA23-12805E5E4054}.Release|iPhone.ActiveCfg = Release|Any CPU
		{552DCD3F-C6F7-4C49-BA23-12805E5E4054}.Release|iPhone.Build.0 = Release|Any CPU
		{552DCD3F-C6F7-4C49-BA23-12805E5E4054}.Release|iPhone.Deploy.0 = Release|Any CPU
		{552DCD3F-C6F7-4C49-BA23-12805E5E4054}.Release|iPhoneSimulator.ActiveCfg = Release|Any CPU
		{552DCD3F-C6F7-4C49-BA23-12805E5E4054}.Release|iPhoneSimulator.Build.0 = Release|Any CPU
		{552DCD3F-C6F7-4C49-BA23-12805E5E4054}.Release|iPhoneSimulator.Deploy.0 = Release|Any CPU
		{552DCD3F-C6F7-4C49-BA23-12805E5E4054}.Release|x64.ActiveCfg = Release|x64
		{552DCD3F-C6F7-4C49-BA23-12805E5E4054}.Release|x64.Build.0 = Release|x64
		{552DCD3F-C6F7-4C49-BA23-12805E5E4054}.Release|x64.Deploy.0 = Release|x64
		{552DCD3F-C6F7-4C49-BA23-12805E5E4054}.Release|x86.ActiveCfg = Release|x86
		{552DCD3F-C6F7-4C49-BA23-12805E5E4054}.Release|x86.Build.0 = Release|x86
		{552DCD3F-C6F7-4C49-BA23-12805E5E4054}.Release|x86.Deploy.0 = Release|x86
		{D8CA1965-CBF7-4587-92D7-2882D71A8B31}.Ad-Hoc|Any CPU.ActiveCfg = Release|Any CPU
		{D8CA1965-CBF7-4587-92D7-2882D71A8B31}.Ad-Hoc|Any CPU.Build.0 = Release|Any CPU
		{D8CA1965-CBF7-4587-92D7-2882D71A8B31}.Ad-Hoc|ARM.ActiveCfg = Release|Any CPU
		{D8CA1965-CBF7-4587-92D7-2882D71A8B31}.Ad-Hoc|ARM.Build.0 = Release|Any CPU
		{D8CA1965-CBF7-4587-92D7-2882D71A8B31}.Ad-Hoc|iPhone.ActiveCfg = Release|Any CPU
		{D8CA1965-CBF7-4587-92D7-2882D71A8B31}.Ad-Hoc|iPhone.Build.0 = Release|Any CPU
		{D8CA1965-CBF7-4587-92D7-2882D71A8B31}.Ad-Hoc|iPhoneSimulator.ActiveCfg = Release|Any CPU
		{D8CA1965-CBF7-4587-92D7-2882D71A8B31}.Ad-Hoc|iPhoneSimulator.Build.0 = Release|Any CPU
		{D8CA1965-CBF7-4587-92D7-2882D71A8B31}.Ad-Hoc|x64.ActiveCfg = Release|Any CPU
		{D8CA1965-CBF7-4587-92D7-2882D71A8B31}.Ad-Hoc|x64.Build.0 = Release|Any CPU
		{D8CA1965-CBF7-4587-92D7-2882D71A8B31}.Ad-Hoc|x86.ActiveCfg = Release|Any CPU
		{D8CA1965-CBF7-4587-92D7-2882D71A8B31}.Ad-Hoc|x86.Build.0 = Release|Any CPU
		{D8CA1965-CBF7-4587-92D7-2882D71A8B31}.AppStore|Any CPU.ActiveCfg = Release|Any CPU
		{D8CA1965-CBF7-4587-92D7-2882D71A8B31}.AppStore|Any CPU.Build.0 = Release|Any CPU
		{D8CA1965-CBF7-4587-92D7-2882D71A8B31}.AppStore|ARM.ActiveCfg = Release|Any CPU
		{D8CA1965-CBF7-4587-92D7-2882D71A8B31}.AppStore|ARM.Build.0 = Release|Any CPU
		{D8CA1965-CBF7-4587-92D7-2882D71A8B31}.AppStore|iPhone.ActiveCfg = Release|Any CPU
		{D8CA1965-CBF7-4587-92D7-2882D71A8B31}.AppStore|iPhone.Build.0 = Release|Any CPU
		{D8CA1965-CBF7-4587-92D7-2882D71A8B31}.AppStore|iPhoneSimulator.ActiveCfg = Release|Any CPU
		{D8CA1965-CBF7-4587-92D7-2882D71A8B31}.AppStore|iPhoneSimulator.Build.0 = Release|Any CPU
		{D8CA1965-CBF7-4587-92D7-2882D71A8B31}.AppStore|x64.ActiveCfg = Release|Any CPU
		{D8CA1965-CBF7-4587-92D7-2882D71A8B31}.AppStore|x64.Build.0 = Release|Any CPU
		{D8CA1965-CBF7-4587-92D7-2882D71A8B31}.AppStore|x86.ActiveCfg = Release|Any CPU
		{D8CA1965-CBF7-4587-92D7-2882D71A8B31}.AppStore|x86.Build.0 = Release|Any CPU
		{D8CA1965-CBF7-4587-92D7-2882D71A8B31}.Debug|Any CPU.ActiveCfg = Debug|Any CPU
		{D8CA1965-CBF7-4587-92D7-2882D71A8B31}.Debug|Any CPU.Build.0 = Debug|Any CPU
		{D8CA1965-CBF7-4587-92D7-2882D71A8B31}.Debug|ARM.ActiveCfg = Debug|Any CPU
		{D8CA1965-CBF7-4587-92D7-2882D71A8B31}.Debug|ARM.Build.0 = Debug|Any CPU
		{D8CA1965-CBF7-4587-92D7-2882D71A8B31}.Debug|iPhone.ActiveCfg = Debug|Any CPU
		{D8CA1965-CBF7-4587-92D7-2882D71A8B31}.Debug|iPhone.Build.0 = Debug|Any CPU
		{D8CA1965-CBF7-4587-92D7-2882D71A8B31}.Debug|iPhoneSimulator.ActiveCfg = Debug|Any CPU
		{D8CA1965-CBF7-4587-92D7-2882D71A8B31}.Debug|iPhoneSimulator.Build.0 = Debug|Any CPU
		{D8CA1965-CBF7-4587-92D7-2882D71A8B31}.Debug|x64.ActiveCfg = Debug|Any CPU
		{D8CA1965-CBF7-4587-92D7-2882D71A8B31}.Debug|x64.Build.0 = Debug|Any CPU
		{D8CA1965-CBF7-4587-92D7-2882D71A8B31}.Debug|x86.ActiveCfg = Debug|Any CPU
		{D8CA1965-CBF7-4587-92D7-2882D71A8B31}.Debug|x86.Build.0 = Debug|Any CPU
		{D8CA1965-CBF7-4587-92D7-2882D71A8B31}.Release|Any CPU.ActiveCfg = Release|Any CPU
		{D8CA1965-CBF7-4587-92D7-2882D71A8B31}.Release|Any CPU.Build.0 = Release|Any CPU
		{D8CA1965-CBF7-4587-92D7-2882D71A8B31}.Release|ARM.ActiveCfg = Release|Any CPU
		{D8CA1965-CBF7-4587-92D7-2882D71A8B31}.Release|ARM.Build.0 = Release|Any CPU
		{D8CA1965-CBF7-4587-92D7-2882D71A8B31}.Release|iPhone.ActiveCfg = Release|Any CPU
		{D8CA1965-CBF7-4587-92D7-2882D71A8B31}.Release|iPhone.Build.0 = Release|Any CPU
		{D8CA1965-CBF7-4587-92D7-2882D71A8B31}.Release|iPhoneSimulator.ActiveCfg = Release|Any CPU
		{D8CA1965-CBF7-4587-92D7-2882D71A8B31}.Release|iPhoneSimulator.Build.0 = Release|Any CPU
		{D8CA1965-CBF7-4587-92D7-2882D71A8B31}.Release|x64.ActiveCfg = Release|Any CPU
		{D8CA1965-CBF7-4587-92D7-2882D71A8B31}.Release|x64.Build.0 = Release|Any CPU
		{D8CA1965-CBF7-4587-92D7-2882D71A8B31}.Release|x86.ActiveCfg = Release|Any CPU
		{D8CA1965-CBF7-4587-92D7-2882D71A8B31}.Release|x86.Build.0 = Release|Any CPU
	EndGlobalSection
	GlobalSection(SolutionProperties) = preSolution
		HideSolutionNode = FALSE
	EndGlobalSection
EndGlobal
