
Microsoft Visual Studio Solution File, Format Version 12.00
# Visual Studio 2013
VisualStudioVersion = 12.0.21005.1
MinimumVisualStudioVersion = 10.0.40219.1
Project("{FAE04EC0-301F-11D3-BF4B-00C04F79EFBC}") = "KiemTraMonHoc", "KiemTraMonHoc\KiemTraMonHoc.csproj", "{3ED6AAD9-9102-4A16-B440-5FB016C9825E}"
EndProject
Project("{FAE04EC0-301F-11D3-BF4B-00C04F79EFBC}") = "DangNhap_WebBrowser", "DangNhap_WebBrowser\DangNhap_WebBrowser.csproj", "{7E71DBAC-6E11-48EB-A2CA-A29C05CDF9F1}"
EndProject
Global
	GlobalSection(SolutionConfigurationPlatforms) = preSolution
		Debug|Any CPU = Debug|Any CPU
		Release|Any CPU = Release|Any CPU
	EndGlobalSection
	GlobalSection(ProjectConfigurationPlatforms) = postSolution
		{3ED6AAD9-9102-4A16-B440-5FB016C9825E}.Debug|Any CPU.ActiveCfg = Debug|Any CPU
		{3ED6AAD9-9102-4A16-B440-5FB016C9825E}.Debug|Any CPU.Build.0 = Debug|Any CPU
		{3ED6AAD9-9102-4A16-B440-5FB016C9825E}.Release|Any CPU.ActiveCfg = Release|Any CPU
		{3ED6AAD9-9102-4A16-B440-5FB016C9825E}.Release|Any CPU.Build.0 = Release|Any CPU
		{7E71DBAC-6E11-48EB-A2CA-A29C05CDF9F1}.Debug|Any CPU.ActiveCfg = Debug|Any CPU
		{7E71DBAC-6E11-48EB-A2CA-A29C05CDF9F1}.Debug|Any CPU.Build.0 = Debug|Any CPU
		{7E71DBAC-6E11-48EB-A2CA-A29C05CDF9F1}.Release|Any CPU.ActiveCfg = Release|Any CPU
		{7E71DBAC-6E11-48EB-A2CA-A29C05CDF9F1}.Release|Any CPU.Build.0 = Release|Any CPU
	EndGlobalSection
	GlobalSection(SolutionProperties) = preSolution
		HideSolutionNode = FALSE
	EndGlobalSection
EndGlobal
