
Microsoft Visual Studio Solution File, Format Version 12.00
# Visual Studio 14
VisualStudioVersion = 14.0.25123.0
MinimumVisualStudioVersion = 10.0.40219.1
Project("{FAE04EC0-301F-11D3-BF4B-00C04F79EFBC}") = "XamForm.Droid", "XamForm\XamForm.Droid\XamForm.Droid.csproj", "{07CE3E10-0B8C-4A56-8F70-BB1D5ED2A812}"
EndProject
Project("{FAE04EC0-301F-11D3-BF4B-00C04F79EFBC}") = "XamForm.iOS", "XamForm\XamForm.iOS\XamForm.iOS.csproj", "{1D0D282E-7277-42AF-B5BD-E6216BEACF1C}"
EndProject
Project("{FAE04EC0-301F-11D3-BF4B-00C04F79EFBC}") = "XamForm.WinPhone", "XamForm\XamForm.WinPhone\XamForm.WinPhone.csproj", "{06BFF75B-058D-46BB-BC51-2078097E62D4}"
EndProject
Project("{FAE04EC0-301F-11D3-BF4B-00C04F79EFBC}") = "XamForm.Windows", "XamForm\XamForm.Windows\XamForm.Windows.csproj", "{9251D4E7-F872-4052-949A-DEE2A3102487}"
EndProject
Project("{FAE04EC0-301F-11D3-BF4B-00C04F79EFBC}") = "XamForm", "XamForm\XamForm\XamForm.csproj", "{A16D2BBC-B6B5-416F-9A43-9EB349822539}"
EndProject
Global
	GlobalSection(SolutionConfigurationPlatforms) = preSolution
		Ad-Hoc|Any CPU = Ad-Hoc|Any CPU
		Ad-Hoc|ARM = Ad-Hoc|ARM
		Ad-Hoc|iPhone = Ad-Hoc|iPhone
		Ad-Hoc|iPhoneSimulator = Ad-Hoc|iPhoneSimulator
		Ad-Hoc|x64 = Ad-Hoc|x64
		Ad-Hoc|x86 = Ad-Hoc|x86
		AppStore|Any CPU = AppStore|Any CPU
		AppStore|ARM = AppStore|ARM
		AppStore|iPhone = AppStore|iPhone
		AppStore|iPhoneSimulator = AppStore|iPhoneSimulator
		AppStore|x64 = AppStore|x64
		AppStore|x86 = AppStore|x86
		Debug|Any CPU = Debug|Any CPU
		Debug|ARM = Debug|ARM
		Debug|iPhone = Debug|iPhone
		Debug|iPhoneSimulator = Debug|iPhoneSimulator
		Debug|x64 = Debug|x64
		Debug|x86 = Debug|x86
		Release|Any CPU = Release|Any CPU
		Release|ARM = Release|ARM
		Release|iPhone = Release|iPhone
		Release|iPhoneSimulator = Release|iPhoneSimulator
		Release|x64 = Release|x64
		Release|x86 = Release|x86
	EndGlobalSection
	GlobalSection(ProjectConfigurationPlatforms) = postSolution
		{07CE3E10-0B8C-4A56-8F70-BB1D5ED2A812}.Ad-Hoc|Any CPU.ActiveCfg = Release|Any CPU
		{07CE3E10-0B8C-4A56-8F70-BB1D5ED2A812}.Ad-Hoc|Any CPU.Build.0 = Release|Any CPU
		{07CE3E10-0B8C-4A56-8F70-BB1D5ED2A812}.Ad-Hoc|Any CPU.Deploy.0 = Release|Any CPU
		{07CE3E10-0B8C-4A56-8F70-BB1D5ED2A812}.Ad-Hoc|ARM.ActiveCfg = Release|Any CPU
		{07CE3E10-0B8C-4A56-8F70-BB1D5ED2A812}.Ad-Hoc|ARM.Build.0 = Release|Any CPU
		{07CE3E10-0B8C-4A56-8F70-BB1D5ED2A812}.Ad-Hoc|ARM.Deploy.0 = Release|Any CPU
		{07CE3E10-0B8C-4A56-8F70-BB1D5ED2A812}.Ad-Hoc|iPhone.ActiveCfg = Release|Any CPU
		{07CE3E10-0B8C-4A56-8F70-BB1D5ED2A812}.Ad-Hoc|iPhone.Build.0 = Release|Any CPU
		{07CE3E10-0B8C-4A56-8F70-BB1D5ED2A812}.Ad-Hoc|iPhone.Deploy.0 = Release|Any CPU
		{07CE3E10-0B8C-4A56-8F70-BB1D5ED2A812}.Ad-Hoc|iPhoneSimulator.ActiveCfg = Release|Any CPU
		{07CE3E10-0B8C-4A56-8F70-BB1D5ED2A812}.Ad-Hoc|iPhoneSimulator.Build.0 = Release|Any CPU
		{07CE3E10-0B8C-4A56-8F70-BB1D5ED2A812}.Ad-Hoc|iPhoneSimulator.Deploy.0 = Release|Any CPU
		{07CE3E10-0B8C-4A56-8F70-BB1D5ED2A812}.Ad-Hoc|x64.ActiveCfg = Release|Any CPU
		{07CE3E10-0B8C-4A56-8F70-BB1D5ED2A812}.Ad-Hoc|x64.Build.0 = Release|Any CPU
		{07CE3E10-0B8C-4A56-8F70-BB1D5ED2A812}.Ad-Hoc|x64.Deploy.0 = Release|Any CPU
		{07CE3E10-0B8C-4A56-8F70-BB1D5ED2A812}.Ad-Hoc|x86.ActiveCfg = Release|Any CPU
		{07CE3E10-0B8C-4A56-8F70-BB1D5ED2A812}.Ad-Hoc|x86.Build.0 = Release|Any CPU
		{07CE3E10-0B8C-4A56-8F70-BB1D5ED2A812}.Ad-Hoc|x86.Deploy.0 = Release|Any CPU
		{07CE3E10-0B8C-4A56-8F70-BB1D5ED2A812}.AppStore|Any CPU.ActiveCfg = Release|Any CPU
		{07CE3E10-0B8C-4A56-8F70-BB1D5ED2A812}.AppStore|Any CPU.Build.0 = Release|Any CPU
		{07CE3E10-0B8C-4A56-8F70-BB1D5ED2A812}.AppStore|Any CPU.Deploy.0 = Release|Any CPU
		{07CE3E10-0B8C-4A56-8F70-BB1D5ED2A812}.AppStore|ARM.ActiveCfg = Release|Any CPU
		{07CE3E10-0B8C-4A56-8F70-BB1D5ED2A812}.AppStore|ARM.Build.0 = Release|Any CPU
		{07CE3E10-0B8C-4A56-8F70-BB1D5ED2A812}.AppStore|ARM.Deploy.0 = Release|Any CPU
		{07CE3E10-0B8C-4A56-8F70-BB1D5ED2A812}.AppStore|iPhone.ActiveCfg = Release|Any CPU
		{07CE3E10-0B8C-4A56-8F70-BB1D5ED2A812}.AppStore|iPhone.Build.0 = Release|Any CPU
		{07CE3E10-0B8C-4A56-8F70-BB1D5ED2A812}.AppStore|iPhone.Deploy.0 = Release|Any CPU
		{07CE3E10-0B8C-4A56-8F70-BB1D5ED2A812}.AppStore|iPhoneSimulator.ActiveCfg = Release|Any CPU
		{07CE3E10-0B8C-4A56-8F70-BB1D5ED2A812}.AppStore|iPhoneSimulator.Build.0 = Release|Any CPU
		{07CE3E10-0B8C-4A56-8F70-BB1D5ED2A812}.AppStore|iPhoneSimulator.Deploy.0 = Release|Any CPU
		{07CE3E10-0B8C-4A56-8F70-BB1D5ED2A812}.AppStore|x64.ActiveCfg = Release|Any CPU
		{07CE3E10-0B8C-4A56-8F70-BB1D5ED2A812}.AppStore|x64.Build.0 = Release|Any CPU
		{07CE3E10-0B8C-4A56-8F70-BB1D5ED2A812}.AppStore|x64.Deploy.0 = Release|Any CPU
		{07CE3E10-0B8C-4A56-8F70-BB1D5ED2A812}.AppStore|x86.ActiveCfg = Release|Any CPU
		{07CE3E10-0B8C-4A56-8F70-BB1D5ED2A812}.AppStore|x86.Build.0 = Release|Any CPU
		{07CE3E10-0B8C-4A56-8F70-BB1D5ED2A812}.AppStore|x86.Deploy.0 = Release|Any CPU
		{07CE3E10-0B8C-4A56-8F70-BB1D5ED2A812}.Debug|Any CPU.ActiveCfg = Debug|Any CPU
		{07CE3E10-0B8C-4A56-8F70-BB1D5ED2A812}.Debug|Any CPU.Build.0 = Debug|Any CPU
		{07CE3E10-0B8C-4A56-8F70-BB1D5ED2A812}.Debug|Any CPU.Deploy.0 = Debug|Any CPU
		{07CE3E10-0B8C-4A56-8F70-BB1D5ED2A812}.Debug|ARM.ActiveCfg = Debug|Any CPU
		{07CE3E10-0B8C-4A56-8F70-BB1D5ED2A812}.Debug|ARM.Build.0 = Debug|Any CPU
		{07CE3E10-0B8C-4A56-8F70-BB1D5ED2A812}.Debug|ARM.Deploy.0 = Debug|Any CPU
		{07CE3E10-0B8C-4A56-8F70-BB1D5ED2A812}.Debug|iPhone.ActiveCfg = Debug|Any CPU
		{07CE3E10-0B8C-4A56-8F70-BB1D5ED2A812}.Debug|iPhone.Build.0 = Debug|Any CPU
		{07CE3E10-0B8C-4A56-8F70-BB1D5ED2A812}.Debug|iPhone.Deploy.0 = Debug|Any CPU
		{07CE3E10-0B8C-4A56-8F70-BB1D5ED2A812}.Debug|iPhoneSimulator.ActiveCfg = Debug|Any CPU
		{07CE3E10-0B8C-4A56-8F70-BB1D5ED2A812}.Debug|iPhoneSimulator.Build.0 = Debug|Any CPU
		{07CE3E10-0B8C-4A56-8F70-BB1D5ED2A812}.Debug|iPhoneSimulator.Deploy.0 = Debug|Any CPU
		{07CE3E10-0B8C-4A56-8F70-BB1D5ED2A812}.Debug|x64.ActiveCfg = Debug|Any CPU
		{07CE3E10-0B8C-4A56-8F70-BB1D5ED2A812}.Debug|x64.Build.0 = Debug|Any CPU
		{07CE3E10-0B8C-4A56-8F70-BB1D5ED2A812}.Debug|x64.Deploy.0 = Debug|Any CPU
		{07CE3E10-0B8C-4A56-8F70-BB1D5ED2A812}.Debug|x86.ActiveCfg = Debug|Any CPU
		{07CE3E10-0B8C-4A56-8F70-BB1D5ED2A812}.Debug|x86.Build.0 = Debug|Any CPU
		{07CE3E10-0B8C-4A56-8F70-BB1D5ED2A812}.Debug|x86.Deploy.0 = Debug|Any CPU
		{07CE3E10-0B8C-4A56-8F70-BB1D5ED2A812}.Release|Any CPU.ActiveCfg = Release|Any CPU
		{07CE3E10-0B8C-4A56-8F70-BB1D5ED2A812}.Release|Any CPU.Build.0 = Release|Any CPU
		{07CE3E10-0B8C-4A56-8F70-BB1D5ED2A812}.Release|Any CPU.Deploy.0 = Release|Any CPU
		{07CE3E10-0B8C-4A56-8F70-BB1D5ED2A812}.Release|ARM.ActiveCfg = Release|Any CPU
		{07CE3E10-0B8C-4A56-8F70-BB1D5ED2A812}.Release|ARM.Build.0 = Release|Any CPU
		{07CE3E10-0B8C-4A56-8F70-BB1D5ED2A812}.Release|ARM.Deploy.0 = Release|Any CPU
		{07CE3E10-0B8C-4A56-8F70-BB1D5ED2A812}.Release|iPhone.ActiveCfg = Release|Any CPU
		{07CE3E10-0B8C-4A56-8F70-BB1D5ED2A812}.Release|iPhone.Build.0 = Release|Any CPU
		{07CE3E10-0B8C-4A56-8F70-BB1D5ED2A812}.Release|iPhone.Deploy.0 = Release|Any CPU
		{07CE3E10-0B8C-4A56-8F70-BB1D5ED2A812}.Release|iPhoneSimulator.ActiveCfg = Release|Any CPU
		{07CE3E10-0B8C-4A56-8F70-BB1D5ED2A812}.Release|iPhoneSimulator.Build.0 = Release|Any CPU
		{07CE3E10-0B8C-4A56-8F70-BB1D5ED2A812}.Release|iPhoneSimulator.Deploy.0 = Release|Any CPU
		{07CE3E10-0B8C-4A56-8F70-BB1D5ED2A812}.Release|x64.ActiveCfg = Release|Any CPU
		{07CE3E10-0B8C-4A56-8F70-BB1D5ED2A812}.Release|x64.Build.0 = Release|Any CPU
		{07CE3E10-0B8C-4A56-8F70-BB1D5ED2A812}.Release|x64.Deploy.0 = Release|Any CPU
		{07CE3E10-0B8C-4A56-8F70-BB1D5ED2A812}.Release|x86.ActiveCfg = Release|Any CPU
		{07CE3E10-0B8C-4A56-8F70-BB1D5ED2A812}.Release|x86.Build.0 = Release|Any CPU
		{07CE3E10-0B8C-4A56-8F70-BB1D5ED2A812}.Release|x86.Deploy.0 = Release|Any CPU
		{1D0D282E-7277-42AF-B5BD-E6216BEACF1C}.Ad-Hoc|Any CPU.ActiveCfg = Ad-Hoc|iPhone
		{1D0D282E-7277-42AF-B5BD-E6216BEACF1C}.Ad-Hoc|ARM.ActiveCfg = Ad-Hoc|iPhone
		{1D0D282E-7277-42AF-B5BD-E6216BEACF1C}.Ad-Hoc|iPhone.ActiveCfg = Ad-Hoc|iPhone
		{1D0D282E-7277-42AF-B5BD-E6216BEACF1C}.Ad-Hoc|iPhone.Build.0 = Ad-Hoc|iPhone
		{1D0D282E-7277-42AF-B5BD-E6216BEACF1C}.Ad-Hoc|iPhoneSimulator.ActiveCfg = Ad-Hoc|iPhoneSimulator
		{1D0D282E-7277-42AF-B5BD-E6216BEACF1C}.Ad-Hoc|iPhoneSimulator.Build.0 = Ad-Hoc|iPhoneSimulator
		{1D0D282E-7277-42AF-B5BD-E6216BEACF1C}.Ad-Hoc|x64.ActiveCfg = Ad-Hoc|iPhone
		{1D0D282E-7277-42AF-B5BD-E6216BEACF1C}.Ad-Hoc|x86.ActiveCfg = Ad-Hoc|iPhone
		{1D0D282E-7277-42AF-B5BD-E6216BEACF1C}.AppStore|Any CPU.ActiveCfg = AppStore|iPhone
		{1D0D282E-7277-42AF-B5BD-E6216BEACF1C}.AppStore|ARM.ActiveCfg = AppStore|iPhone
		{1D0D282E-7277-42AF-B5BD-E6216BEACF1C}.AppStore|iPhone.ActiveCfg = AppStore|iPhone
		{1D0D282E-7277-42AF-B5BD-E6216BEACF1C}.AppStore|iPhone.Build.0 = AppStore|iPhone
		{1D0D282E-7277-42AF-B5BD-E6216BEACF1C}.AppStore|iPhoneSimulator.ActiveCfg = AppStore|iPhoneSimulator
		{1D0D282E-7277-42AF-B5BD-E6216BEACF1C}.AppStore|iPhoneSimulator.Build.0 = AppStore|iPhoneSimulator
		{1D0D282E-7277-42AF-B5BD-E6216BEACF1C}.AppStore|x64.ActiveCfg = AppStore|iPhone
		{1D0D282E-7277-42AF-B5BD-E6216BEACF1C}.AppStore|x86.ActiveCfg = AppStore|iPhone
		{1D0D282E-7277-42AF-B5BD-E6216BEACF1C}.Debug|Any CPU.ActiveCfg = Debug|iPhone
		{1D0D282E-7277-42AF-B5BD-E6216BEACF1C}.Debug|ARM.ActiveCfg = Debug|iPhone
		{1D0D282E-7277-42AF-B5BD-E6216BEACF1C}.Debug|iPhone.ActiveCfg = Debug|iPhone
		{1D0D282E-7277-42AF-B5BD-E6216BEACF1C}.Debug|iPhone.Build.0 = Debug|iPhone
		{1D0D282E-7277-42AF-B5BD-E6216BEACF1C}.Debug|iPhoneSimulator.ActiveCfg = Debug|iPhoneSimulator
		{1D0D282E-7277-42AF-B5BD-E6216BEACF1C}.Debug|iPhoneSimulator.Build.0 = Debug|iPhoneSimulator
		{1D0D282E-7277-42AF-B5BD-E6216BEACF1C}.Debug|x64.ActiveCfg = Debug|iPhone
		{1D0D282E-7277-42AF-B5BD-E6216BEACF1C}.Debug|x86.ActiveCfg = Debug|iPhone
		{1D0D282E-7277-42AF-B5BD-E6216BEACF1C}.Release|Any CPU.ActiveCfg = Release|iPhone
		{1D0D282E-7277-42AF-B5BD-E6216BEACF1C}.Release|ARM.ActiveCfg = Release|iPhone
		{1D0D282E-7277-42AF-B5BD-E6216BEACF1C}.Release|iPhone.ActiveCfg = Release|iPhone
		{1D0D282E-7277-42AF-B5BD-E6216BEACF1C}.Release|iPhone.Build.0 = Release|iPhone
		{1D0D282E-7277-42AF-B5BD-E6216BEACF1C}.Release|iPhoneSimulator.ActiveCfg = Release|iPhoneSimulator
		{1D0D282E-7277-42AF-B5BD-E6216BEACF1C}.Release|iPhoneSimulator.Build.0 = Release|iPhoneSimulator
		{1D0D282E-7277-42AF-B5BD-E6216BEACF1C}.Release|x64.ActiveCfg = Release|iPhone
		{1D0D282E-7277-42AF-B5BD-E6216BEACF1C}.Release|x86.ActiveCfg = Release|iPhone
		{06BFF75B-058D-46BB-BC51-2078097E62D4}.Ad-Hoc|Any CPU.ActiveCfg = Release|Any CPU
		{06BFF75B-058D-46BB-BC51-2078097E62D4}.Ad-Hoc|Any CPU.Build.0 = Release|Any CPU
		{06BFF75B-058D-46BB-BC51-2078097E62D4}.Ad-Hoc|Any CPU.Deploy.0 = Release|Any CPU
		{06BFF75B-058D-46BB-BC51-2078097E62D4}.Ad-Hoc|ARM.ActiveCfg = Release|ARM
		{06BFF75B-058D-46BB-BC51-2078097E62D4}.Ad-Hoc|ARM.Build.0 = Release|ARM
		{06BFF75B-058D-46BB-BC51-2078097E62D4}.Ad-Hoc|ARM.Deploy.0 = Release|ARM
		{06BFF75B-058D-46BB-BC51-2078097E62D4}.Ad-Hoc|iPhone.ActiveCfg = Release|Any CPU
		{06BFF75B-058D-46BB-BC51-2078097E62D4}.Ad-Hoc|iPhone.Build.0 = Release|Any CPU
		{06BFF75B-058D-46BB-BC51-2078097E62D4}.Ad-Hoc|iPhone.Deploy.0 = Release|Any CPU
		{06BFF75B-058D-46BB-BC51-2078097E62D4}.Ad-Hoc|iPhoneSimulator.ActiveCfg = Release|Any CPU
		{06BFF75B-058D-46BB-BC51-2078097E62D4}.Ad-Hoc|iPhoneSimulator.Build.0 = Release|Any CPU
		{06BFF75B-058D-46BB-BC51-2078097E62D4}.Ad-Hoc|iPhoneSimulator.Deploy.0 = Release|Any CPU
		{06BFF75B-058D-46BB-BC51-2078097E62D4}.Ad-Hoc|x64.ActiveCfg = Release|Any CPU
		{06BFF75B-058D-46BB-BC51-2078097E62D4}.Ad-Hoc|x64.Build.0 = Release|Any CPU
		{06BFF75B-058D-46BB-BC51-2078097E62D4}.Ad-Hoc|x64.Deploy.0 = Release|Any CPU
		{06BFF75B-058D-46BB-BC51-2078097E62D4}.Ad-Hoc|x86.ActiveCfg = Release|x86
		{06BFF75B-058D-46BB-BC51-2078097E62D4}.Ad-Hoc|x86.Build.0 = Release|x86
		{06BFF75B-058D-46BB-BC51-2078097E62D4}.Ad-Hoc|x86.Deploy.0 = Release|x86
		{06BFF75B-058D-46BB-BC51-2078097E62D4}.AppStore|Any CPU.ActiveCfg = Release|Any CPU
		{06BFF75B-058D-46BB-BC51-2078097E62D4}.AppStore|Any CPU.Build.0 = Release|Any CPU
		{06BFF75B-058D-46BB-BC51-2078097E62D4}.AppStore|Any CPU.Deploy.0 = Release|Any CPU
		{06BFF75B-058D-46BB-BC51-2078097E62D4}.AppStore|ARM.ActiveCfg = Release|ARM
		{06BFF75B-058D-46BB-BC51-2078097E62D4}.AppStore|ARM.Build.0 = Release|ARM
		{06BFF75B-058D-46BB-BC51-2078097E62D4}.AppStore|ARM.Deploy.0 = Release|ARM
		{06BFF75B-058D-46BB-BC51-2078097E62D4}.AppStore|iPhone.ActiveCfg = Release|Any CPU
		{06BFF75B-058D-46BB-BC51-2078097E62D4}.AppStore|iPhone.Build.0 = Release|Any CPU
		{06BFF75B-058D-46BB-BC51-2078097E62D4}.AppStore|iPhone.Deploy.0 = Release|Any CPU
		{06BFF75B-058D-46BB-BC51-2078097E62D4}.AppStore|iPhoneSimulator.ActiveCfg = Release|Any CPU
		{06BFF75B-058D-46BB-BC51-2078097E62D4}.AppStore|iPhoneSimulator.Build.0 = Release|Any CPU
		{06BFF75B-058D-46BB-BC51-2078097E62D4}.AppStore|iPhoneSimulator.Deploy.0 = Release|Any CPU
		{06BFF75B-058D-46BB-BC51-2078097E62D4}.AppStore|x64.ActiveCfg = Release|Any CPU
		{06BFF75B-058D-46BB-BC51-2078097E62D4}.AppStore|x64.Build.0 = Release|Any CPU
		{06BFF75B-058D-46BB-BC51-2078097E62D4}.AppStore|x64.Deploy.0 = Release|Any CPU
		{06BFF75B-058D-46BB-BC51-2078097E62D4}.AppStore|x86.ActiveCfg = Release|x86
		{06BFF75B-058D-46BB-BC51-2078097E62D4}.AppStore|x86.Build.0 = Release|x86
		{06BFF75B-058D-46BB-BC51-2078097E62D4}.AppStore|x86.Deploy.0 = Release|x86
		{06BFF75B-058D-46BB-BC51-2078097E62D4}.Debug|Any CPU.ActiveCfg = Debug|Any CPU
		{06BFF75B-058D-46BB-BC51-2078097E62D4}.Debug|Any CPU.Build.0 = Debug|Any CPU
		{06BFF75B-058D-46BB-BC51-2078097E62D4}.Debug|Any CPU.Deploy.0 = Debug|Any CPU
		{06BFF75B-058D-46BB-BC51-2078097E62D4}.Debug|ARM.ActiveCfg = Debug|ARM
		{06BFF75B-058D-46BB-BC51-2078097E62D4}.Debug|ARM.Build.0 = Debug|ARM
		{06BFF75B-058D-46BB-BC51-2078097E62D4}.Debug|ARM.Deploy.0 = Debug|ARM
		{06BFF75B-058D-46BB-BC51-2078097E62D4}.Debug|iPhone.ActiveCfg = Debug|Any CPU
		{06BFF75B-058D-46BB-BC51-2078097E62D4}.Debug|iPhone.Build.0 = Debug|Any CPU
		{06BFF75B-058D-46BB-BC51-2078097E62D4}.Debug|iPhone.Deploy.0 = Debug|Any CPU
		{06BFF75B-058D-46BB-BC51-2078097E62D4}.Debug|iPhoneSimulator.ActiveCfg = Debug|Any CPU
		{06BFF75B-058D-46BB-BC51-2078097E62D4}.Debug|iPhoneSimulator.Build.0 = Debug|Any CPU
		{06BFF75B-058D-46BB-BC51-2078097E62D4}.Debug|iPhoneSimulator.Deploy.0 = Debug|Any CPU
		{06BFF75B-058D-46BB-BC51-2078097E62D4}.Debug|x64.ActiveCfg = Debug|Any CPU
		{06BFF75B-058D-46BB-BC51-2078097E62D4}.Debug|x64.Build.0 = Debug|Any CPU
		{06BFF75B-058D-46BB-BC51-2078097E62D4}.Debug|x64.Deploy.0 = Debug|Any CPU
		{06BFF75B-058D-46BB-BC51-2078097E62D4}.Debug|x86.ActiveCfg = Debug|x86
		{06BFF75B-058D-46BB-BC51-2078097E62D4}.Debug|x86.Build.0 = Debug|x86
		{06BFF75B-058D-46BB-BC51-2078097E62D4}.Debug|x86.Deploy.0 = Debug|x86
		{06BFF75B-058D-46BB-BC51-2078097E62D4}.Release|Any CPU.ActiveCfg = Release|Any CPU
		{06BFF75B-058D-46BB-BC51-2078097E62D4}.Release|Any CPU.Build.0 = Release|Any CPU
		{06BFF75B-058D-46BB-BC51-2078097E62D4}.Release|Any CPU.Deploy.0 = Release|Any CPU
		{06BFF75B-058D-46BB-BC51-2078097E62D4}.Release|ARM.ActiveCfg = Release|ARM
		{06BFF75B-058D-46BB-BC51-2078097E62D4}.Release|ARM.Build.0 = Release|ARM
		{06BFF75B-058D-46BB-BC51-2078097E62D4}.Release|ARM.Deploy.0 = Release|ARM
		{06BFF75B-058D-46BB-BC51-2078097E62D4}.Release|iPhone.ActiveCfg = Release|Any CPU
		{06BFF75B-058D-46BB-BC51-2078097E62D4}.Release|iPhone.Build.0 = Release|Any CPU
		{06BFF75B-058D-46BB-BC51-2078097E62D4}.Release|iPhone.Deploy.0 = Release|Any CPU
		{06BFF75B-058D-46BB-BC51-2078097E62D4}.Release|iPhoneSimulator.ActiveCfg = Release|Any CPU
		{06BFF75B-058D-46BB-BC51-2078097E62D4}.Release|iPhoneSimulator.Build.0 = Release|Any CPU
		{06BFF75B-058D-46BB-BC51-2078097E62D4}.Release|iPhoneSimulator.Deploy.0 = Release|Any CPU
		{06BFF75B-058D-46BB-BC51-2078097E62D4}.Release|x64.ActiveCfg = Release|Any CPU
		{06BFF75B-058D-46BB-BC51-2078097E62D4}.Release|x64.Build.0 = Release|Any CPU
		{06BFF75B-058D-46BB-BC51-2078097E62D4}.Release|x64.Deploy.0 = Release|Any CPU
		{06BFF75B-058D-46BB-BC51-2078097E62D4}.Release|x86.ActiveCfg = Release|x86
		{06BFF75B-058D-46BB-BC51-2078097E62D4}.Release|x86.Build.0 = Release|x86
		{06BFF75B-058D-46BB-BC51-2078097E62D4}.Release|x86.Deploy.0 = Release|x86
		{9251D4E7-F872-4052-949A-DEE2A3102487}.Ad-Hoc|Any CPU.ActiveCfg = Release|Any CPU
		{9251D4E7-F872-4052-949A-DEE2A3102487}.Ad-Hoc|Any CPU.Build.0 = Release|Any CPU
		{9251D4E7-F872-4052-949A-DEE2A3102487}.Ad-Hoc|Any CPU.Deploy.0 = Release|Any CPU
		{9251D4E7-F872-4052-949A-DEE2A3102487}.Ad-Hoc|ARM.ActiveCfg = Release|ARM
		{9251D4E7-F872-4052-949A-DEE2A3102487}.Ad-Hoc|ARM.Build.0 = Release|ARM
		{9251D4E7-F872-4052-949A-DEE2A3102487}.Ad-Hoc|ARM.Deploy.0 = Release|ARM
		{9251D4E7-F872-4052-949A-DEE2A3102487}.Ad-Hoc|iPhone.ActiveCfg = Release|Any CPU
		{9251D4E7-F872-4052-949A-DEE2A3102487}.Ad-Hoc|iPhone.Build.0 = Release|Any CPU
		{9251D4E7-F872-4052-949A-DEE2A3102487}.Ad-Hoc|iPhone.Deploy.0 = Release|Any CPU
		{9251D4E7-F872-4052-949A-DEE2A3102487}.Ad-Hoc|iPhoneSimulator.ActiveCfg = Release|Any CPU
		{9251D4E7-F872-4052-949A-DEE2A3102487}.Ad-Hoc|iPhoneSimulator.Build.0 = Release|Any CPU
		{9251D4E7-F872-4052-949A-DEE2A3102487}.Ad-Hoc|iPhoneSimulator.Deploy.0 = Release|Any CPU
		{9251D4E7-F872-4052-949A-DEE2A3102487}.Ad-Hoc|x64.ActiveCfg = Release|x64
		{9251D4E7-F872-4052-949A-DEE2A3102487}.Ad-Hoc|x64.Build.0 = Release|x64
		{9251D4E7-F872-4052-949A-DEE2A3102487}.Ad-Hoc|x64.Deploy.0 = Release|x64
		{9251D4E7-F872-4052-949A-DEE2A3102487}.Ad-Hoc|x86.ActiveCfg = Release|x86
		{9251D4E7-F872-4052-949A-DEE2A3102487}.Ad-Hoc|x86.Build.0 = Release|x86
		{9251D4E7-F872-4052-949A-DEE2A3102487}.Ad-Hoc|x86.Deploy.0 = Release|x86
		{9251D4E7-F872-4052-949A-DEE2A3102487}.AppStore|Any CPU.ActiveCfg = Release|Any CPU
		{9251D4E7-F872-4052-949A-DEE2A3102487}.AppStore|Any CPU.Build.0 = Release|Any CPU
		{9251D4E7-F872-4052-949A-DEE2A3102487}.AppStore|Any CPU.Deploy.0 = Release|Any CPU
		{9251D4E7-F872-4052-949A-DEE2A3102487}.AppStore|ARM.ActiveCfg = Release|ARM
		{9251D4E7-F872-4052-949A-DEE2A3102487}.AppStore|ARM.Build.0 = Release|ARM
		{9251D4E7-F872-4052-949A-DEE2A3102487}.AppStore|ARM.Deploy.0 = Release|ARM
		{9251D4E7-F872-4052-949A-DEE2A3102487}.AppStore|iPhone.ActiveCfg = Release|Any CPU
		{9251D4E7-F872-4052-949A-DEE2A3102487}.AppStore|iPhone.Build.0 = Release|Any CPU
		{9251D4E7-F872-4052-949A-DEE2A3102487}.AppStore|iPhone.Deploy.0 = Release|Any CPU
		{9251D4E7-F872-4052-949A-DEE2A3102487}.AppStore|iPhoneSimulator.ActiveCfg = Release|Any CPU
		{9251D4E7-F872-4052-949A-DEE2A3102487}.AppStore|iPhoneSimulator.Build.0 = Release|Any CPU
		{9251D4E7-F872-4052-949A-DEE2A3102487}.AppStore|iPhoneSimulator.Deploy.0 = Release|Any CPU
		{9251D4E7-F872-4052-949A-DEE2A3102487}.AppStore|x64.ActiveCfg = Release|x64
		{9251D4E7-F872-4052-949A-DEE2A3102487}.AppStore|x64.Build.0 = Release|x64
		{9251D4E7-F872-4052-949A-DEE2A3102487}.AppStore|x64.Deploy.0 = Release|x64
		{9251D4E7-F872-4052-949A-DEE2A3102487}.AppStore|x86.ActiveCfg = Release|x86
		{9251D4E7-F872-4052-949A-DEE2A3102487}.AppStore|x86.Build.0 = Release|x86
		{9251D4E7-F872-4052-949A-DEE2A3102487}.AppStore|x86.Deploy.0 = Release|x86
		{9251D4E7-F872-4052-949A-DEE2A3102487}.Debug|Any CPU.ActiveCfg = Debug|Any CPU
		{9251D4E7-F872-4052-949A-DEE2A3102487}.Debug|Any CPU.Build.0 = Debug|Any CPU
		{9251D4E7-F872-4052-949A-DEE2A3102487}.Debug|Any CPU.Deploy.0 = Debug|Any CPU
		{9251D4E7-F872-4052-949A-DEE2A3102487}.Debug|ARM.ActiveCfg = Debug|ARM
		{9251D4E7-F872-4052-949A-DEE2A3102487}.Debug|ARM.Build.0 = Debug|ARM
		{9251D4E7-F872-4052-949A-DEE2A3102487}.Debug|ARM.Deploy.0 = Debug|ARM
		{9251D4E7-F872-4052-949A-DEE2A3102487}.Debug|iPhone.ActiveCfg = Debug|Any CPU
		{9251D4E7-F872-4052-949A-DEE2A3102487}.Debug|iPhone.Build.0 = Debug|Any CPU
		{9251D4E7-F872-4052-949A-DEE2A3102487}.Debug|iPhone.Deploy.0 = Debug|Any CPU
		{9251D4E7-F872-4052-949A-DEE2A3102487}.Debug|iPhoneSimulator.ActiveCfg = Debug|Any CPU
		{9251D4E7-F872-4052-949A-DEE2A3102487}.Debug|iPhoneSimulator.Build.0 = Debug|Any CPU
		{9251D4E7-F872-4052-949A-DEE2A3102487}.Debug|iPhoneSimulator.Deploy.0 = Debug|Any CPU
		{9251D4E7-F872-4052-949A-DEE2A3102487}.Debug|x64.ActiveCfg = Debug|x64
		{9251D4E7-F872-4052-949A-DEE2A3102487}.Debug|x64.Build.0 = Debug|x64
		{9251D4E7-F872-4052-949A-DEE2A3102487}.Debug|x64.Deploy.0 = Debug|x64
		{9251D4E7-F872-4052-949A-DEE2A3102487}.Debug|x86.ActiveCfg = Debug|x86
		{9251D4E7-F872-4052-949A-DEE2A3102487}.Debug|x86.Build.0 = Debug|x86
		{9251D4E7-F872-4052-949A-DEE2A3102487}.Debug|x86.Deploy.0 = Debug|x86
		{9251D4E7-F872-4052-949A-DEE2A3102487}.Release|Any CPU.ActiveCfg = Release|Any CPU
		{9251D4E7-F872-4052-949A-DEE2A3102487}.Release|Any CPU.Build.0 = Release|Any CPU
		{9251D4E7-F872-4052-949A-DEE2A3102487}.Release|Any CPU.Deploy.0 = Release|Any CPU
		{9251D4E7-F872-4052-949A-DEE2A3102487}.Release|ARM.ActiveCfg = Release|ARM
		{9251D4E7-F872-4052-949A-DEE2A3102487}.Release|ARM.Build.0 = Release|ARM
		{9251D4E7-F872-4052-949A-DEE2A3102487}.Release|ARM.Deploy.0 = Release|ARM
		{9251D4E7-F872-4052-949A-DEE2A3102487}.Release|iPhone.ActiveCfg = Release|Any CPU
		{9251D4E7-F872-4052-949A-DEE2A3102487}.Release|iPhone.Build.0 = Release|Any CPU
		{9251D4E7-F872-4052-949A-DEE2A3102487}.Release|iPhone.Deploy.0 = Release|Any CPU
		{9251D4E7-F872-4052-949A-DEE2A3102487}.Release|iPhoneSimulator.ActiveCfg = Release|Any CPU
		{9251D4E7-F872-4052-949A-DEE2A3102487}.Release|iPhoneSimulator.Build.0 = Release|Any CPU
		{9251D4E7-F872-4052-949A-DEE2A3102487}.Release|iPhoneSimulator.Deploy.0 = Release|Any CPU
		{9251D4E7-F872-4052-949A-DEE2A3102487}.Release|x64.ActiveCfg = Release|x64
		{9251D4E7-F872-4052-949A-DEE2A3102487}.Release|x64.Build.0 = Release|x64
		{9251D4E7-F872-4052-949A-DEE2A3102487}.Release|x64.Deploy.0 = Release|x64
		{9251D4E7-F872-4052-949A-DEE2A3102487}.Release|x86.ActiveCfg = Release|x86
		{9251D4E7-F872-4052-949A-DEE2A3102487}.Release|x86.Build.0 = Release|x86
		{9251D4E7-F872-4052-949A-DEE2A3102487}.Release|x86.Deploy.0 = Release|x86
		{A16D2BBC-B6B5-416F-9A43-9EB349822539}.Ad-Hoc|Any CPU.ActiveCfg = Release|Any CPU
		{A16D2BBC-B6B5-416F-9A43-9EB349822539}.Ad-Hoc|Any CPU.Build.0 = Release|Any CPU
		{A16D2BBC-B6B5-416F-9A43-9EB349822539}.Ad-Hoc|ARM.ActiveCfg = Release|Any CPU
		{A16D2BBC-B6B5-416F-9A43-9EB349822539}.Ad-Hoc|ARM.Build.0 = Release|Any CPU
		{A16D2BBC-B6B5-416F-9A43-9EB349822539}.Ad-Hoc|iPhone.ActiveCfg = Release|Any CPU
		{A16D2BBC-B6B5-416F-9A43-9EB349822539}.Ad-Hoc|iPhone.Build.0 = Release|Any CPU
		{A16D2BBC-B6B5-416F-9A43-9EB349822539}.Ad-Hoc|iPhoneSimulator.ActiveCfg = Release|Any CPU
		{A16D2BBC-B6B5-416F-9A43-9EB349822539}.Ad-Hoc|iPhoneSimulator.Build.0 = Release|Any CPU
		{A16D2BBC-B6B5-416F-9A43-9EB349822539}.Ad-Hoc|x64.ActiveCfg = Release|Any CPU
		{A16D2BBC-B6B5-416F-9A43-9EB349822539}.Ad-Hoc|x64.Build.0 = Release|Any CPU
		{A16D2BBC-B6B5-416F-9A43-9EB349822539}.Ad-Hoc|x86.ActiveCfg = Release|Any CPU
		{A16D2BBC-B6B5-416F-9A43-9EB349822539}.Ad-Hoc|x86.Build.0 = Release|Any CPU
		{A16D2BBC-B6B5-416F-9A43-9EB349822539}.AppStore|Any CPU.ActiveCfg = Release|Any CPU
		{A16D2BBC-B6B5-416F-9A43-9EB349822539}.AppStore|Any CPU.Build.0 = Release|Any CPU
		{A16D2BBC-B6B5-416F-9A43-9EB349822539}.AppStore|ARM.ActiveCfg = Release|Any CPU
		{A16D2BBC-B6B5-416F-9A43-9EB349822539}.AppStore|ARM.Build.0 = Release|Any CPU
		{A16D2BBC-B6B5-416F-9A43-9EB349822539}.AppStore|iPhone.ActiveCfg = Release|Any CPU
		{A16D2BBC-B6B5-416F-9A43-9EB349822539}.AppStore|iPhone.Build.0 = Release|Any CPU
		{A16D2BBC-B6B5-416F-9A43-9EB349822539}.AppStore|iPhoneSimulator.ActiveCfg = Release|Any CPU
		{A16D2BBC-B6B5-416F-9A43-9EB349822539}.AppStore|iPhoneSimulator.Build.0 = Release|Any CPU
		{A16D2BBC-B6B5-416F-9A43-9EB349822539}.AppStore|x64.ActiveCfg = Release|Any CPU
		{A16D2BBC-B6B5-416F-9A43-9EB349822539}.AppStore|x64.Build.0 = Release|Any CPU
		{A16D2BBC-B6B5-416F-9A43-9EB349822539}.AppStore|x86.ActiveCfg = Release|Any CPU
		{A16D2BBC-B6B5-416F-9A43-9EB349822539}.AppStore|x86.Build.0 = Release|Any CPU
		{A16D2BBC-B6B5-416F-9A43-9EB349822539}.Debug|Any CPU.ActiveCfg = Debug|Any CPU
		{A16D2BBC-B6B5-416F-9A43-9EB349822539}.Debug|Any CPU.Build.0 = Debug|Any CPU
		{A16D2BBC-B6B5-416F-9A43-9EB349822539}.Debug|ARM.ActiveCfg = Debug|Any CPU
		{A16D2BBC-B6B5-416F-9A43-9EB349822539}.Debug|ARM.Build.0 = Debug|Any CPU
		{A16D2BBC-B6B5-416F-9A43-9EB349822539}.Debug|iPhone.ActiveCfg = Debug|Any CPU
		{A16D2BBC-B6B5-416F-9A43-9EB349822539}.Debug|iPhone.Build.0 = Debug|Any CPU
		{A16D2BBC-B6B5-416F-9A43-9EB349822539}.Debug|iPhoneSimulator.ActiveCfg = Debug|Any CPU
		{A16D2BBC-B6B5-416F-9A43-9EB349822539}.Debug|iPhoneSimulator.Build.0 = Debug|Any CPU
		{A16D2BBC-B6B5-416F-9A43-9EB349822539}.Debug|x64.ActiveCfg = Debug|Any CPU
		{A16D2BBC-B6B5-416F-9A43-9EB349822539}.Debug|x64.Build.0 = Debug|Any CPU
		{A16D2BBC-B6B5-416F-9A43-9EB349822539}.Debug|x86.ActiveCfg = Debug|Any CPU
		{A16D2BBC-B6B5-416F-9A43-9EB349822539}.Debug|x86.Build.0 = Debug|Any CPU
		{A16D2BBC-B6B5-416F-9A43-9EB349822539}.Release|Any CPU.ActiveCfg = Release|Any CPU
		{A16D2BBC-B6B5-416F-9A43-9EB349822539}.Release|Any CPU.Build.0 = Release|Any CPU
		{A16D2BBC-B6B5-416F-9A43-9EB349822539}.Release|ARM.ActiveCfg = Release|Any CPU
		{A16D2BBC-B6B5-416F-9A43-9EB349822539}.Release|ARM.Build.0 = Release|Any CPU
		{A16D2BBC-B6B5-416F-9A43-9EB349822539}.Release|iPhone.ActiveCfg = Release|Any CPU
		{A16D2BBC-B6B5-416F-9A43-9EB349822539}.Release|iPhone.Build.0 = Release|Any CPU
		{A16D2BBC-B6B5-416F-9A43-9EB349822539}.Release|iPhoneSimulator.ActiveCfg = Release|Any CPU
		{A16D2BBC-B6B5-416F-9A43-9EB349822539}.Release|iPhoneSimulator.Build.0 = Release|Any CPU
		{A16D2BBC-B6B5-416F-9A43-9EB349822539}.Release|x64.ActiveCfg = Release|Any CPU
		{A16D2BBC-B6B5-416F-9A43-9EB349822539}.Release|x64.Build.0 = Release|Any CPU
		{A16D2BBC-B6B5-416F-9A43-9EB349822539}.Release|x86.ActiveCfg = Release|Any CPU
		{A16D2BBC-B6B5-416F-9A43-9EB349822539}.Release|x86.Build.0 = Release|Any CPU
	EndGlobalSection
	GlobalSection(SolutionProperties) = preSolution
		HideSolutionNode = FALSE
	EndGlobalSection
EndGlobal
